<?xml version="1.0" encoding="utf-8"?>
<Project ToolsVersion="4.0" xmlns="http://schemas.microsoft.com/developer/msbuild/2003">
  <ItemGroup>
    <ClCompile Include="demo_client_json_service.cpp" />
    <ClCompile Include="demo_client_json_service_factory.cpp" />
    <ClCompile Include="demo_client_json_service_plugin.cpp" />
  </ItemGroup>
  <ItemGroup>
    <ClInclude Include="demo_client_json_service.h" />
    <ClInclude Include="demo_client_json_service_factory.h" />
    <ClInclude Include="demo_client_json_service_plugin.h" />
  </ItemGroup>
</Project>