<?xml version="1.0" encoding="utf-8"?>
<Project ToolsVersion="4.0" xmlns="http://schemas.microsoft.com/developer/msbuild/2003">
  <ItemGroup>
    <ClCompile Include="watchdog_handler.cpp" />
    <ClCompile Include="watchdog_main.cpp" />
  </ItemGroup>
  <ItemGroup>
    <ClInclude Include="watchdog_handler.h" />
  </ItemGroup>
</Project>