
Microsoft Visual Studio Solution File, Format Version 12.00
# Visual Studio Version 16
VisualStudioVersion = 16.0.28803.352
MinimumVisualStudioVersion = 10.0.40219.1
Project("{2150E333-8FDC-42A3-9474-1A3956D46DE8}") = "dsc", "dsc", "{868310CD-F9E9-485D-9A6D-706617DE4040}"
EndProject
Project("{8BC9CEB8-8B4A-11D0-8D11-00A0C91BC942}") = "dsc_app", "dsc\ide\dsc_app.vcxproj", "{38CF7CE3-6AB4-4E70-9B4D-EF4EE3595E50}"
EndProject
Project("{2150E333-8FDC-42A3-9474-1A3956D46DE8}") = "3rd", "3rd", "{4CFA5052-663F-4924-8E66-4B9C6066C73D}"
EndProject
Project("{8BC9CEB8-8B4A-11D0-8D11-00A0C91BC942}") = "axis2c", "3rd\axis2c\ides\axis2c.vcxproj", "{36FDB924-F0FF-4043-BFF3-1872EE5D90A0}"
EndProject
Project("{8BC9CEB8-8B4A-11D0-8D11-00A0C91BC942}") = "dsc", "dsc\ide\dsc.vcxproj", "{1CC0F6D5-713A-468E-9AF8-F3E85CECB465}"
EndProject
Project("{2150E333-8FDC-42A3-9474-1A3956D46DE8}") = "demo", "demo", "{1014E0BB-F535-43E9-8097-07D53C0EA36B}"
EndProject
Project("{2150E333-8FDC-42A3-9474-1A3956D46DE8}") = "demo_server", "demo_server", "{E268716D-23E6-43FF-B3DC-C861CFE9A427}"
EndProject
Project("{2150E333-8FDC-42A3-9474-1A3956D46DE8}") = "demo_client", "demo_client", "{B64EA382-7AE0-48CA-9322-CFC5EC64CC97}"
EndProject
Project("{2150E333-8FDC-42A3-9474-1A3956D46DE8}") = "plugin", "plugin", "{F622B24E-AD30-4FA2-AB5A-1E7EDA45F62A}"
EndProject
Project("{2150E333-8FDC-42A3-9474-1A3956D46DE8}") = "plugin", "plugin", "{21A7BB35-6D81-4539-9B1D-6D9D6A2E8F90}"
EndProject
Project("{8BC9CEB8-8B4A-11D0-8D11-00A0C91BC942}") = "demo_server_service", "demo\demo_server\plugin\demo_server_service\demo_server_service.vcxproj", "{66B931BF-B6BD-4154-B466-EA2429E86590}"
EndProject
Project("{8BC9CEB8-8B4A-11D0-8D11-00A0C91BC942}") = "demo_client_service", "demo\demo_client\plugin\demo_client_service\demo_client_service.vcxproj", "{6DCC9B68-67EA-4CA1-B788-E1D97C8246E3}"
EndProject
Project("{2150E333-8FDC-42A3-9474-1A3956D46DE8}") = "common", "common", "{2ED4A4E0-DF1A-41E9-9D63-A22CDF5F20AC}"
	ProjectSection(SolutionItems) = preProject
		demo\common\comm_id_def.h = demo\common\comm_id_def.h
		demo\common\comm_msg_def.h = demo\common\comm_msg_def.h
	EndProjectSection
EndProject
Project("{8BC9CEB8-8B4A-11D0-8D11-00A0C91BC942}") = "demo_client_json_service", "demo\demo_client\plugin\demo_client_json_service\demo_client_json_service.vcxproj", "{17808DB8-9BF2-43F3-B5FE-9BF7CDA94BBA}"
EndProject
Project("{8BC9CEB8-8B4A-11D0-8D11-00A0C91BC942}") = "demo_server_json_service", "demo\demo_server\plugin\demo_server_json_service\demo_server_json_service.vcxproj", "{52ECCD54-EAAA-419C-9105-7D25F9336281}"
EndProject
Project("{8BC9CEB8-8B4A-11D0-8D11-00A0C91BC942}") = "demo_client_static_service", "demo\demo_client\plugin\demo_client_static_service\demo_client_static_service.vcxproj", "{68E6A535-A5F1-4B7A-AD6F-F1D4B3B0F985}"
EndProject
Project("{8BC9CEB8-8B4A-11D0-8D11-00A0C91BC942}") = "demo_mcp_server_service", "demo\demo_server\plugin\demo_mcp_server_service\demo_mcp_server_service.vcxproj", "{68FD12B1-02C5-41C6-A0E4-591F27CD314F}"
EndProject
Project("{8BC9CEB8-8B4A-11D0-8D11-00A0C91BC942}") = "demo_mcp_client_service", "demo\demo_client\plugin\demo_mcp_client_service\demo_mcp_client_service.vcxproj", "{037206E4-1E88-4A70-8A43-C8DDAA7ABE37}"
EndProject
Project("{8BC9CEB8-8B4A-11D0-8D11-00A0C91BC942}") = "demo_db_service", "demo\demo_server\plugin\demo_db_service\demo_db_service.vcxproj", "{44E33C94-51DB-4923-BE13-FEE9627F32BE}"
EndProject
Project("{2150E333-8FDC-42A3-9474-1A3956D46DE8}") = "vbh", "vbh", "{4C327B83-0A89-40E6-838C-C154C5BACAC9}"
EndProject
Project("{2150E333-8FDC-42A3-9474-1A3956D46DE8}") = "ztools", "ztools", "{E4A7808B-BE7A-4A7A-A5BF-C1A752858903}"
EndProject
Project("{8BC9CEB8-8B4A-11D0-8D11-00A0C91BC942}") = "watchdog", "ztools\watchdog\watchdog.vcxproj", "{E6938116-D051-4F5D-94E9-60B31AC415D9}"
EndProject
Project("{8BC9CEB8-8B4A-11D0-8D11-00A0C91BC942}") = "demo_client", "demo\demo_client\demo_client\demo_client.vcxproj", "{645684C2-14F6-4386-8A58-08F3FBD5F63C}"
EndProject
Project("{8BC9CEB8-8B4A-11D0-8D11-00A0C91BC942}") = "demo_server", "demo\demo_server\demo_server\demo_server.vcxproj", "{042E838D-0365-4B10-B750-55594F79031B}"
EndProject
Project("{8BC9CEB8-8B4A-11D0-8D11-00A0C91BC942}") = "collect_matchine_info", "ztools\collect_matchine_info\collect_matchine_info.vcxproj", "{AF27AC3A-D1C2-4887-ABC2-749AD677747E}"
EndProject
Project("{8BC9CEB8-8B4A-11D0-8D11-00A0C91BC942}") = "generate_license_file", "ztools\generate_license_file\generate_license_file.vcxproj", "{4C9CA785-BE6B-4CD2-AA1C-9BB7ECD916B8}"
EndProject
Project("{8BC9CEB8-8B4A-11D0-8D11-00A0C91BC942}") = "ace", "3rd\ACE_wrappers\ace\ACE_vs2017.vcxproj", "{18A441B9-FECA-1BAD-6757-8A6300006755}"
EndProject
Project("{2150E333-8FDC-42A3-9474-1A3956D46DE8}") = "order", "order", "{289E3A88-B0C4-4647-BA87-03E71D43AF4C}"
EndProject
Project("{2150E333-8FDC-42A3-9474-1A3956D46DE8}") = "plugin", "plugin", "{FA2DAD09-3F10-409D-A120-7AEA368CB814}"
EndProject
Project("{8BC9CEB8-8B4A-11D0-8D11-00A0C91BC942}") = "ord_mng_app", "vbh\order\ord_mng_app\ord_mng_app.vcxproj", "{3ACAB908-42A1-4936-919F-9EAE7E331ACA}"
EndProject
Project("{2150E333-8FDC-42A3-9474-1A3956D46DE8}") = "common", "common", "{4C4A119D-0892-460A-950C-51D5D4A7328D}"
EndProject
Project("{8BC9CEB8-8B4A-11D0-8D11-00A0C91BC942}") = "vbh_comm", "vbh\common\vbh_comm.vcxproj", "{45D67A15-3F79-404D-B6F8-6C7CAE8C6408}"
EndProject
Project("{8BC9CEB8-8B4A-11D0-8D11-00A0C91BC942}") = "ord_svc_app", "vbh\order\ord_svc_app\ord_svc_app.vcxproj", "{B0F6DBBF-6DB8-48E3-B0E3-45A0415154E0}"
EndProject
Project("{8BC9CEB8-8B4A-11D0-8D11-00A0C91BC942}") = "ord_cms", "vbh\order\plugin\ord_cms\ord_cms.vcxproj", "{521F61EE-1866-43F7-8CBA-979143698DD4}"
EndProject
Project("{2150E333-8FDC-42A3-9474-1A3956D46DE8}") = "endorser", "endorser", "{5D7FC9FC-C14F-4988-83E4-885E2E008705}"
EndProject
Project("{2150E333-8FDC-42A3-9474-1A3956D46DE8}") = "plugin", "plugin", "{DE9BB27F-5857-44DD-A0DD-DE4ECF77A908}"
EndProject
Project("{2150E333-8FDC-42A3-9474-1A3956D46DE8}") = "anchor", "anchor", "{A19E976F-9070-4B53-B1F2-116B51328C94}"
EndProject
Project("{2150E333-8FDC-42A3-9474-1A3956D46DE8}") = "plugin", "plugin", "{12F71606-4363-4358-81F6-223D76FDFA0F}"
EndProject
Project("{8BC9CEB8-8B4A-11D0-8D11-00A0C91BC942}") = "end_app", "vbh\endorser\end_app\end_app.vcxproj", "{DC21E9E2-7861-40D1-AC85-BB1BB28AE9AC}"
EndProject
Project("{8BC9CEB8-8B4A-11D0-8D11-00A0C91BC942}") = "anc_mng_app", "vbh\anchor\anc_mng_app\anc_mng_app.vcxproj", "{94164810-0AD4-49AD-9807-4BF198E2FFBA}"
EndProject
Project("{8BC9CEB8-8B4A-11D0-8D11-00A0C91BC942}") = "anc_svc_app", "vbh\anchor\anc_svc_app\anc_svc_app.vcxproj", "{8FC3592D-4737-403C-AB3F-FBFAF3BB0343}"
EndProject
Project("{8BC9CEB8-8B4A-11D0-8D11-00A0C91BC942}") = "anc_pms", "vbh\anchor\plugin\anc_pms\anc_pms.vcxproj", "{ED065CEF-55C1-4384-B1C8-5D055F80E38D}"
EndProject
Project("{8BC9CEB8-8B4A-11D0-8D11-00A0C91BC942}") = "anc_as", "vbh\anchor\plugin\anc_as\anc_as.vcxproj", "{6F0CA019-9770-4A58-B6DF-2DD17D1ED742}"
EndProject
Project("{2150E333-8FDC-42A3-9474-1A3956D46DE8}") = "committer", "committer", "{63BD499A-3F22-4C45-8958-E5D60EB407EE}"
EndProject
Project("{2150E333-8FDC-42A3-9474-1A3956D46DE8}") = "plugin", "plugin", "{B88CAB2A-371F-412D-92DE-B0F16515F03E}"
EndProject
Project("{2150E333-8FDC-42A3-9474-1A3956D46DE8}") = "cc", "cc", "{32E5B2E1-80BA-413D-B72D-942FB76D6533}"
EndProject
Project("{2150E333-8FDC-42A3-9474-1A3956D46DE8}") = "common", "common", "{DABE5758-60DF-4A28-8164-0FBB6FEAD2C8}"
EndProject
Project("{2150E333-8FDC-42A3-9474-1A3956D46DE8}") = "plugin", "plugin", "{03CB80CC-51C3-4C7F-A4F2-47590F8A2C71}"
EndProject
Project("{8BC9CEB8-8B4A-11D0-8D11-00A0C91BC942}") = "cc_app", "vbh\cc\cc_app\cc_app.vcxproj", "{68BB6418-F53D-4BD3-9AA5-609BEFD92B4B}"
EndProject
Project("{8BC9CEB8-8B4A-11D0-8D11-00A0C91BC942}") = "cc_comm", "vbh\cc\common\cc_comm.vcxproj", "{AD5DAEF4-FBC0-4D5C-AF87-675A82C3F4F9}"
EndProject
Project("{2150E333-8FDC-42A3-9474-1A3956D46DE8}") = "sdk", "sdk", "{B46C19EB-4B74-4D77-9949-85E471A900C1}"
EndProject
Project("{2150E333-8FDC-42A3-9474-1A3956D46DE8}") = "common", "common", "{62C96D5A-472B-4240-8BC6-8E6078E59D20}"
EndProject
Project("{2150E333-8FDC-42A3-9474-1A3956D46DE8}") = "pulgin", "pulgin", "{11C97988-2CBA-4E78-B821-AD3E235B12D7}"
EndProject
Project("{8BC9CEB8-8B4A-11D0-8D11-00A0C91BC942}") = "sdk_comm", "vbh\sdk\common\sdk_comm.vcxproj", "{7701E88A-3CA5-469F-8C72-96646CAFAFE3}"
EndProject
Project("{8BC9CEB8-8B4A-11D0-8D11-00A0C91BC942}") = "client_sdk", "vbh\sdk\client_sdk\client_sdk.vcxproj", "{45988B68-1ACA-4E08-97BD-3862D3CDFEAA}"
EndProject
Project("{8BC9CEB8-8B4A-11D0-8D11-00A0C91BC942}") = "client_c_sdk", "vbh\sdk\client_c_sdk\client_c_sdk.vcxproj", "{1389A2DD-643E-4BE3-8CFD-C83DF4A11358}"
EndProject
Project("{2150E333-8FDC-42A3-9474-1A3956D46DE8}") = "common", "common", "{2305772F-19C9-44A4-96FD-FE2EA4985595}"
EndProject
Project("{8BC9CEB8-8B4A-11D0-8D11-00A0C91BC942}") = "committer_comm", "vbh\committer\common\committer_comm.vcxproj", "{716C814C-1B3F-47F8-98C1-87A1089DACF1}"
EndProject
Project("{8BC9CEB8-8B4A-11D0-8D11-00A0C91BC942}") = "xcm_app", "vbh\committer\xcm_app\xcm_app.vcxproj", "{F5445AAD-2991-48D1-BCCE-A54821933415}"
EndProject
Project("{8BC9CEB8-8B4A-11D0-8D11-00A0C91BC942}") = "xcm_xcs", "vbh\committer\plugin\xcm_xcs\xcm_xcs.vcxproj", "{A2929747-42F4-402F-9337-CF54452F72DA}"
EndProject
Project("{8BC9CEB8-8B4A-11D0-8D11-00A0C91BC942}") = "ord_cps", "vbh\order\plugin\ord_cps\ord_cps.vcxproj", "{3D38D81B-4A0B-411C-BD12-46741990F44F}"
EndProject
Project("{8BC9CEB8-8B4A-11D0-8D11-00A0C91BC942}") = "dsc_sqlite", "dsc\ide\dsc_sqlite.vcxproj", "{1B860CF2-322B-4C3C-8932-61D95095D131}"
EndProject
Project("{2150E333-8FDC-42A3-9474-1A3956D46DE8}") = "client4test", "client4test", "{48BFF33C-8F2F-4204-926A-A9D73AE65E16}"
EndProject
Project("{8BC9CEB8-8B4A-11D0-8D11-00A0C91BC942}") = "gui4csdk", "vbh\client4test\gui4csdk\gui4csdk.vcxproj", "{2DFD2556-563C-4801-918C-C7D930D30854}"
EndProject
Project("{8BC9CEB8-8B4A-11D0-8D11-00A0C91BC942}") = "vbh_crypt_client_service", "vbh\sdk\plugin\vbh_crypt_client_service\vbh_crypt_client_service.vcxproj", "{D23F61C4-F62A-4F7D-AA41-AA8132339971}"
EndProject
Project("{8BC9CEB8-8B4A-11D0-8D11-00A0C91BC942}") = "vbh_client_service", "vbh\sdk\plugin\vbh_client_service\vbh_client_service.vcxproj", "{C37D6EE1-67A1-41CE-B901-06C6A25027AE}"
EndProject
Project("{8BC9CEB8-8B4A-11D0-8D11-00A0C91BC942}") = "end_ces", "vbh\endorser\plugin\end_ces\end_ces.vcxproj", "{BA38AC2C-B32F-4589-9EB9-F910200616F4}"
EndProject
Project("{8BC9CEB8-8B4A-11D0-8D11-00A0C91BC942}") = "end_es", "vbh\endorser\plugin\end_es\end_es.vcxproj", "{7CFC3081-B7CC-4D68-9079-3D79D9944389}"
EndProject
Project("{8BC9CEB8-8B4A-11D0-8D11-00A0C91BC942}") = "end_tas", "vbh\endorser\plugin\end_tas\end_tas.vcxproj", "{0E826676-AACF-4D4F-BA0B-F7329F232B43}"
EndProject
Project("{2150E333-8FDC-42A3-9474-1A3956D46DE8}") = "end_comm", "end_comm", "{415CEA16-BF3C-4231-9375-B03AEE1293A9}"
	ProjectSection(SolutionItems) = preProject
		vbh\endorser\plugin\end_comm\i_endorser_service.h = vbh\endorser\plugin\end_comm\i_endorser_service.h
		vbh\endorser\plugin\end_comm\i_transfer_agent_service.h = vbh\endorser\plugin\end_comm\i_transfer_agent_service.h
	EndProjectSection
EndProject
Project("{2150E333-8FDC-42A3-9474-1A3956D46DE8}") = "idc", "idc", "{DAAB6158-C018-41BC-A5D8-F33A99FF6B27}"
EndProject
Project("{8BC9CEB8-8B4A-11D0-8D11-00A0C91BC942}") = "idc_sdk", "idc\idc_sdk\idc_sdk.vcxproj", "{DE03241F-B8BC-4739-B71B-622A86382218}"
EndProject
Project("{8BC9CEB8-8B4A-11D0-8D11-00A0C91BC942}") = "idc_common", "idc\idc_common\idc_common.vcxproj", "{CFF191E9-F5C4-48BB-BEE1-7F0634C62F4A}"
EndProject
Project("{8BC9CEB8-8B4A-11D0-8D11-00A0C91BC942}") = "idc_service_plugin", "idc\idc_service\idc_service.vcxproj", "{87225F52-3E46-4636-BE7B-DAF9A856B861}"
EndProject
Project("{8BC9CEB8-8B4A-11D0-8D11-00A0C91BC942}") = "idc_client_service", "idc\idc_client_service\idc_client_service.vcxproj", "{88B1D82C-05F5-4B4B-9A6C-DB152F23318E}"
EndProject
Project("{8BC9CEB8-8B4A-11D0-8D11-00A0C91BC942}") = "test", "idc\test\test.vcxproj", "{13340E2E-89C2-451F-A53C-26625581D8A7}"
EndProject
Project("{8BC9CEB8-8B4A-11D0-8D11-00A0C91BC942}") = "c_sdk_test", "test\c_sdk_test\c_sdk_test.vcxproj", "{1D3CDFC2-5071-465F-94C6-DAB79A4F0BD7}"
EndProject
Project("{2150E333-8FDC-42A3-9474-1A3956D46DE8}") = "idc_server", "idc_server", "{FC3798BC-13CB-43F4-8AB8-311CA4F8AF1E}"
EndProject
Project("{8BC9CEB8-8B4A-11D0-8D11-00A0C91BC942}") = "idc_server", "idc\idc_server\idc_server\idc_server.vcxproj", "{C13A0C31-ED8D-4E10-94F7-AF92C21A68BE}"
EndProject
Global
	GlobalSection(SolutionConfigurationPlatforms) = preSolution
		Debug|x64 = Debug|x64
		Debug|x86 = Debug|x86
		MinSizeRel|x64 = MinSizeRel|x64
		MinSizeRel|x86 = MinSizeRel|x86
		Release|x64 = Release|x64
		Release|x86 = Release|x86
		RelWithDebInfo|x64 = RelWithDebInfo|x64
		RelWithDebInfo|x86 = RelWithDebInfo|x86
	EndGlobalSection
	GlobalSection(ProjectConfigurationPlatforms) = postSolution
		{38CF7CE3-6AB4-4E70-9B4D-EF4EE3595E50}.Debug|x64.ActiveCfg = Debug|x64
		{38CF7CE3-6AB4-4E70-9B4D-EF4EE3595E50}.Debug|x64.Build.0 = Debug|x64
		{38CF7CE3-6AB4-4E70-9B4D-EF4EE3595E50}.Debug|x86.ActiveCfg = Debug|Win32
		{38CF7CE3-6AB4-4E70-9B4D-EF4EE3595E50}.Debug|x86.Build.0 = Debug|Win32
		{38CF7CE3-6AB4-4E70-9B4D-EF4EE3595E50}.MinSizeRel|x64.ActiveCfg = Release|x64
		{38CF7CE3-6AB4-4E70-9B4D-EF4EE3595E50}.MinSizeRel|x64.Build.0 = Release|x64
		{38CF7CE3-6AB4-4E70-9B4D-EF4EE3595E50}.MinSizeRel|x86.ActiveCfg = Release|Win32
		{38CF7CE3-6AB4-4E70-9B4D-EF4EE3595E50}.MinSizeRel|x86.Build.0 = Release|Win32
		{38CF7CE3-6AB4-4E70-9B4D-EF4EE3595E50}.Release|x64.ActiveCfg = Release|x64
		{38CF7CE3-6AB4-4E70-9B4D-EF4EE3595E50}.Release|x64.Build.0 = Release|x64
		{38CF7CE3-6AB4-4E70-9B4D-EF4EE3595E50}.Release|x86.ActiveCfg = Release|Win32
		{38CF7CE3-6AB4-4E70-9B4D-EF4EE3595E50}.Release|x86.Build.0 = Release|Win32
		{38CF7CE3-6AB4-4E70-9B4D-EF4EE3595E50}.RelWithDebInfo|x64.ActiveCfg = Release|x64
		{38CF7CE3-6AB4-4E70-9B4D-EF4EE3595E50}.RelWithDebInfo|x64.Build.0 = Release|x64
		{38CF7CE3-6AB4-4E70-9B4D-EF4EE3595E50}.RelWithDebInfo|x86.ActiveCfg = Release|Win32
		{38CF7CE3-6AB4-4E70-9B4D-EF4EE3595E50}.RelWithDebInfo|x86.Build.0 = Release|Win32
		{36FDB924-F0FF-4043-BFF3-1872EE5D90A0}.Debug|x64.ActiveCfg = Debug|x64
		{36FDB924-F0FF-4043-BFF3-1872EE5D90A0}.Debug|x64.Build.0 = Debug|x64
		{36FDB924-F0FF-4043-BFF3-1872EE5D90A0}.Debug|x86.ActiveCfg = Debug|Win32
		{36FDB924-F0FF-4043-BFF3-1872EE5D90A0}.Debug|x86.Build.0 = Debug|Win32
		{36FDB924-F0FF-4043-BFF3-1872EE5D90A0}.MinSizeRel|x64.ActiveCfg = Release|x64
		{36FDB924-F0FF-4043-BFF3-1872EE5D90A0}.MinSizeRel|x64.Build.0 = Release|x64
		{36FDB924-F0FF-4043-BFF3-1872EE5D90A0}.MinSizeRel|x86.ActiveCfg = Release|Win32
		{36FDB924-F0FF-4043-BFF3-1872EE5D90A0}.MinSizeRel|x86.Build.0 = Release|Win32
		{36FDB924-F0FF-4043-BFF3-1872EE5D90A0}.Release|x64.ActiveCfg = Release|x64
		{36FDB924-F0FF-4043-BFF3-1872EE5D90A0}.Release|x64.Build.0 = Release|x64
		{36FDB924-F0FF-4043-BFF3-1872EE5D90A0}.Release|x86.ActiveCfg = Release|Win32
		{36FDB924-F0FF-4043-BFF3-1872EE5D90A0}.Release|x86.Build.0 = Release|Win32
		{36FDB924-F0FF-4043-BFF3-1872EE5D90A0}.RelWithDebInfo|x64.ActiveCfg = Release|x64
		{36FDB924-F0FF-4043-BFF3-1872EE5D90A0}.RelWithDebInfo|x64.Build.0 = Release|x64
		{36FDB924-F0FF-4043-BFF3-1872EE5D90A0}.RelWithDebInfo|x86.ActiveCfg = Release|Win32
		{36FDB924-F0FF-4043-BFF3-1872EE5D90A0}.RelWithDebInfo|x86.Build.0 = Release|Win32
		{1CC0F6D5-713A-468E-9AF8-F3E85CECB465}.Debug|x64.ActiveCfg = Debug|x64
		{1CC0F6D5-713A-468E-9AF8-F3E85CECB465}.Debug|x64.Build.0 = Debug|x64
		{1CC0F6D5-713A-468E-9AF8-F3E85CECB465}.Debug|x86.ActiveCfg = Debug|Win32
		{1CC0F6D5-713A-468E-9AF8-F3E85CECB465}.Debug|x86.Build.0 = Debug|Win32
		{1CC0F6D5-713A-468E-9AF8-F3E85CECB465}.MinSizeRel|x64.ActiveCfg = Release|x64
		{1CC0F6D5-713A-468E-9AF8-F3E85CECB465}.MinSizeRel|x64.Build.0 = Release|x64
		{1CC0F6D5-713A-468E-9AF8-F3E85CECB465}.MinSizeRel|x86.ActiveCfg = Release|Win32
		{1CC0F6D5-713A-468E-9AF8-F3E85CECB465}.MinSizeRel|x86.Build.0 = Release|Win32
		{1CC0F6D5-713A-468E-9AF8-F3E85CECB465}.Release|x64.ActiveCfg = Release|x64
		{1CC0F6D5-713A-468E-9AF8-F3E85CECB465}.Release|x64.Build.0 = Release|x64
		{1CC0F6D5-713A-468E-9AF8-F3E85CECB465}.Release|x86.ActiveCfg = Release|Win32
		{1CC0F6D5-713A-468E-9AF8-F3E85CECB465}.Release|x86.Build.0 = Release|Win32
		{1CC0F6D5-713A-468E-9AF8-F3E85CECB465}.RelWithDebInfo|x64.ActiveCfg = Release|x64
		{1CC0F6D5-713A-468E-9AF8-F3E85CECB465}.RelWithDebInfo|x64.Build.0 = Release|x64
		{1CC0F6D5-713A-468E-9AF8-F3E85CECB465}.RelWithDebInfo|x86.ActiveCfg = Release|Win32
		{1CC0F6D5-713A-468E-9AF8-F3E85CECB465}.RelWithDebInfo|x86.Build.0 = Release|Win32
		{66B931BF-B6BD-4154-B466-EA2429E86590}.Debug|x64.ActiveCfg = Debug|x64
		{66B931BF-B6BD-4154-B466-EA2429E86590}.Debug|x64.Build.0 = Debug|x64
		{66B931BF-B6BD-4154-B466-EA2429E86590}.Debug|x86.ActiveCfg = Debug|Win32
		{66B931BF-B6BD-4154-B466-EA2429E86590}.Debug|x86.Build.0 = Debug|Win32
		{66B931BF-B6BD-4154-B466-EA2429E86590}.MinSizeRel|x64.ActiveCfg = Release|x64
		{66B931BF-B6BD-4154-B466-EA2429E86590}.MinSizeRel|x64.Build.0 = Release|x64
		{66B931BF-B6BD-4154-B466-EA2429E86590}.MinSizeRel|x86.ActiveCfg = Release|Win32
		{66B931BF-B6BD-4154-B466-EA2429E86590}.MinSizeRel|x86.Build.0 = Release|Win32
		{66B931BF-B6BD-4154-B466-EA2429E86590}.Release|x64.ActiveCfg = Release|x64
		{66B931BF-B6BD-4154-B466-EA2429E86590}.Release|x64.Build.0 = Release|x64
		{66B931BF-B6BD-4154-B466-EA2429E86590}.Release|x86.ActiveCfg = Release|Win32
		{66B931BF-B6BD-4154-B466-EA2429E86590}.Release|x86.Build.0 = Release|Win32
		{66B931BF-B6BD-4154-B466-EA2429E86590}.RelWithDebInfo|x64.ActiveCfg = Release|x64
		{66B931BF-B6BD-4154-B466-EA2429E86590}.RelWithDebInfo|x64.Build.0 = Release|x64
		{66B931BF-B6BD-4154-B466-EA2429E86590}.RelWithDebInfo|x86.ActiveCfg = Release|Win32
		{66B931BF-B6BD-4154-B466-EA2429E86590}.RelWithDebInfo|x86.Build.0 = Release|Win32
		{6DCC9B68-67EA-4CA1-B788-E1D97C8246E3}.Debug|x64.ActiveCfg = Debug|x64
		{6DCC9B68-67EA-4CA1-B788-E1D97C8246E3}.Debug|x64.Build.0 = Debug|x64
		{6DCC9B68-67EA-4CA1-B788-E1D97C8246E3}.Debug|x86.ActiveCfg = Debug|Win32
		{6DCC9B68-67EA-4CA1-B788-E1D97C8246E3}.Debug|x86.Build.0 = Debug|Win32
		{6DCC9B68-67EA-4CA1-B788-E1D97C8246E3}.MinSizeRel|x64.ActiveCfg = Release|x64
		{6DCC9B68-67EA-4CA1-B788-E1D97C8246E3}.MinSizeRel|x64.Build.0 = Release|x64
		{6DCC9B68-67EA-4CA1-B788-E1D97C8246E3}.MinSizeRel|x86.ActiveCfg = Release|Win32
		{6DCC9B68-67EA-4CA1-B788-E1D97C8246E3}.MinSizeRel|x86.Build.0 = Release|Win32
		{6DCC9B68-67EA-4CA1-B788-E1D97C8246E3}.Release|x64.ActiveCfg = Release|x64
		{6DCC9B68-67EA-4CA1-B788-E1D97C8246E3}.Release|x64.Build.0 = Release|x64
		{6DCC9B68-67EA-4CA1-B788-E1D97C8246E3}.Release|x86.ActiveCfg = Release|Win32
		{6DCC9B68-67EA-4CA1-B788-E1D97C8246E3}.Release|x86.Build.0 = Release|Win32
		{6DCC9B68-67EA-4CA1-B788-E1D97C8246E3}.RelWithDebInfo|x64.ActiveCfg = Release|x64
		{6DCC9B68-67EA-4CA1-B788-E1D97C8246E3}.RelWithDebInfo|x64.Build.0 = Release|x64
		{6DCC9B68-67EA-4CA1-B788-E1D97C8246E3}.RelWithDebInfo|x86.ActiveCfg = Release|Win32
		{6DCC9B68-67EA-4CA1-B788-E1D97C8246E3}.RelWithDebInfo|x86.Build.0 = Release|Win32
		{17808DB8-9BF2-43F3-B5FE-9BF7CDA94BBA}.Debug|x64.ActiveCfg = Debug|x64
		{17808DB8-9BF2-43F3-B5FE-9BF7CDA94BBA}.Debug|x64.Build.0 = Debug|x64
		{17808DB8-9BF2-43F3-B5FE-9BF7CDA94BBA}.Debug|x86.ActiveCfg = Debug|Win32
		{17808DB8-9BF2-43F3-B5FE-9BF7CDA94BBA}.Debug|x86.Build.0 = Debug|Win32
		{17808DB8-9BF2-43F3-B5FE-9BF7CDA94BBA}.MinSizeRel|x64.ActiveCfg = Release|x64
		{17808DB8-9BF2-43F3-B5FE-9BF7CDA94BBA}.MinSizeRel|x64.Build.0 = Release|x64
		{17808DB8-9BF2-43F3-B5FE-9BF7CDA94BBA}.MinSizeRel|x86.ActiveCfg = Release|Win32
		{17808DB8-9BF2-43F3-B5FE-9BF7CDA94BBA}.MinSizeRel|x86.Build.0 = Release|Win32
		{17808DB8-9BF2-43F3-B5FE-9BF7CDA94BBA}.Release|x64.ActiveCfg = Release|x64
		{17808DB8-9BF2-43F3-B5FE-9BF7CDA94BBA}.Release|x64.Build.0 = Release|x64
		{17808DB8-9BF2-43F3-B5FE-9BF7CDA94BBA}.Release|x86.ActiveCfg = Release|Win32
		{17808DB8-9BF2-43F3-B5FE-9BF7CDA94BBA}.Release|x86.Build.0 = Release|Win32
		{17808DB8-9BF2-43F3-B5FE-9BF7CDA94BBA}.RelWithDebInfo|x64.ActiveCfg = Release|x64
		{17808DB8-9BF2-43F3-B5FE-9BF7CDA94BBA}.RelWithDebInfo|x64.Build.0 = Release|x64
		{17808DB8-9BF2-43F3-B5FE-9BF7CDA94BBA}.RelWithDebInfo|x86.ActiveCfg = Release|Win32
		{17808DB8-9BF2-43F3-B5FE-9BF7CDA94BBA}.RelWithDebInfo|x86.Build.0 = Release|Win32
		{52ECCD54-EAAA-419C-9105-7D25F9336281}.Debug|x64.ActiveCfg = Debug|x64
		{52ECCD54-EAAA-419C-9105-7D25F9336281}.Debug|x64.Build.0 = Debug|x64
		{52ECCD54-EAAA-419C-9105-7D25F9336281}.Debug|x86.ActiveCfg = Debug|Win32
		{52ECCD54-EAAA-419C-9105-7D25F9336281}.Debug|x86.Build.0 = Debug|Win32
		{52ECCD54-EAAA-419C-9105-7D25F9336281}.MinSizeRel|x64.ActiveCfg = Release|x64
		{52ECCD54-EAAA-419C-9105-7D25F9336281}.MinSizeRel|x64.Build.0 = Release|x64
		{52ECCD54-EAAA-419C-9105-7D25F9336281}.MinSizeRel|x86.ActiveCfg = Release|Win32
		{52ECCD54-EAAA-419C-9105-7D25F9336281}.MinSizeRel|x86.Build.0 = Release|Win32
		{52ECCD54-EAAA-419C-9105-7D25F9336281}.Release|x64.ActiveCfg = Release|x64
		{52ECCD54-EAAA-419C-9105-7D25F9336281}.Release|x64.Build.0 = Release|x64
		{52ECCD54-EAAA-419C-9105-7D25F9336281}.Release|x86.ActiveCfg = Release|Win32
		{52ECCD54-EAAA-419C-9105-7D25F9336281}.Release|x86.Build.0 = Release|Win32
		{52ECCD54-EAAA-419C-9105-7D25F9336281}.RelWithDebInfo|x64.ActiveCfg = Release|x64
		{52ECCD54-EAAA-419C-9105-7D25F9336281}.RelWithDebInfo|x64.Build.0 = Release|x64
		{52ECCD54-EAAA-419C-9105-7D25F9336281}.RelWithDebInfo|x86.ActiveCfg = Release|Win32
		{52ECCD54-EAAA-419C-9105-7D25F9336281}.RelWithDebInfo|x86.Build.0 = Release|Win32
		{68E6A535-A5F1-4B7A-AD6F-F1D4B3B0F985}.Debug|x64.ActiveCfg = Debug|x64
		{68E6A535-A5F1-4B7A-AD6F-F1D4B3B0F985}.Debug|x64.Build.0 = Debug|x64
		{68E6A535-A5F1-4B7A-AD6F-F1D4B3B0F985}.Debug|x86.ActiveCfg = Debug|Win32
		{68E6A535-A5F1-4B7A-AD6F-F1D4B3B0F985}.Debug|x86.Build.0 = Debug|Win32
		{68E6A535-A5F1-4B7A-AD6F-F1D4B3B0F985}.MinSizeRel|x64.ActiveCfg = Release|x64
		{68E6A535-A5F1-4B7A-AD6F-F1D4B3B0F985}.MinSizeRel|x64.Build.0 = Release|x64
		{68E6A535-A5F1-4B7A-AD6F-F1D4B3B0F985}.MinSizeRel|x86.ActiveCfg = Release|Win32
		{68E6A535-A5F1-4B7A-AD6F-F1D4B3B0F985}.MinSizeRel|x86.Build.0 = Release|Win32
		{68E6A535-A5F1-4B7A-AD6F-F1D4B3B0F985}.Release|x64.ActiveCfg = Release|x64
		{68E6A535-A5F1-4B7A-AD6F-F1D4B3B0F985}.Release|x64.Build.0 = Release|x64
		{68E6A535-A5F1-4B7A-AD6F-F1D4B3B0F985}.Release|x86.ActiveCfg = Release|Win32
		{68E6A535-A5F1-4B7A-AD6F-F1D4B3B0F985}.Release|x86.Build.0 = Release|Win32
		{68E6A535-A5F1-4B7A-AD6F-F1D4B3B0F985}.RelWithDebInfo|x64.ActiveCfg = Release|x64
		{68E6A535-A5F1-4B7A-AD6F-F1D4B3B0F985}.RelWithDebInfo|x64.Build.0 = Release|x64
		{68E6A535-A5F1-4B7A-AD6F-F1D4B3B0F985}.RelWithDebInfo|x86.ActiveCfg = Release|Win32
		{68E6A535-A5F1-4B7A-AD6F-F1D4B3B0F985}.RelWithDebInfo|x86.Build.0 = Release|Win32
		{68FD12B1-02C5-41C6-A0E4-591F27CD314F}.Debug|x64.ActiveCfg = Debug|x64
		{68FD12B1-02C5-41C6-A0E4-591F27CD314F}.Debug|x64.Build.0 = Debug|x64
		{68FD12B1-02C5-41C6-A0E4-591F27CD314F}.Debug|x86.ActiveCfg = Debug|Win32
		{68FD12B1-02C5-41C6-A0E4-591F27CD314F}.Debug|x86.Build.0 = Debug|Win32
		{68FD12B1-02C5-41C6-A0E4-591F27CD314F}.MinSizeRel|x64.ActiveCfg = Release|x64
		{68FD12B1-02C5-41C6-A0E4-591F27CD314F}.MinSizeRel|x64.Build.0 = Release|x64
		{68FD12B1-02C5-41C6-A0E4-591F27CD314F}.MinSizeRel|x86.ActiveCfg = Release|Win32
		{68FD12B1-02C5-41C6-A0E4-591F27CD314F}.MinSizeRel|x86.Build.0 = Release|Win32
		{68FD12B1-02C5-41C6-A0E4-591F27CD314F}.Release|x64.ActiveCfg = Release|x64
		{68FD12B1-02C5-41C6-A0E4-591F27CD314F}.Release|x64.Build.0 = Release|x64
		{68FD12B1-02C5-41C6-A0E4-591F27CD314F}.Release|x86.ActiveCfg = Release|Win32
		{68FD12B1-02C5-41C6-A0E4-591F27CD314F}.Release|x86.Build.0 = Release|Win32
		{68FD12B1-02C5-41C6-A0E4-591F27CD314F}.RelWithDebInfo|x64.ActiveCfg = Release|x64
		{68FD12B1-02C5-41C6-A0E4-591F27CD314F}.RelWithDebInfo|x64.Build.0 = Release|x64
		{68FD12B1-02C5-41C6-A0E4-591F27CD314F}.RelWithDebInfo|x86.ActiveCfg = Release|Win32
		{68FD12B1-02C5-41C6-A0E4-591F27CD314F}.RelWithDebInfo|x86.Build.0 = Release|Win32
		{037206E4-1E88-4A70-8A43-C8DDAA7ABE37}.Debug|x64.ActiveCfg = Debug|x64
		{037206E4-1E88-4A70-8A43-C8DDAA7ABE37}.Debug|x64.Build.0 = Debug|x64
		{037206E4-1E88-4A70-8A43-C8DDAA7ABE37}.Debug|x86.ActiveCfg = Debug|Win32
		{037206E4-1E88-4A70-8A43-C8DDAA7ABE37}.Debug|x86.Build.0 = Debug|Win32
		{037206E4-1E88-4A70-8A43-C8DDAA7ABE37}.MinSizeRel|x64.ActiveCfg = Release|x64
		{037206E4-1E88-4A70-8A43-C8DDAA7ABE37}.MinSizeRel|x64.Build.0 = Release|x64
		{037206E4-1E88-4A70-8A43-C8DDAA7ABE37}.MinSizeRel|x86.ActiveCfg = Release|Win32
		{037206E4-1E88-4A70-8A43-C8DDAA7ABE37}.MinSizeRel|x86.Build.0 = Release|Win32
		{037206E4-1E88-4A70-8A43-C8DDAA7ABE37}.Release|x64.ActiveCfg = Release|x64
		{037206E4-1E88-4A70-8A43-C8DDAA7ABE37}.Release|x64.Build.0 = Release|x64
		{037206E4-1E88-4A70-8A43-C8DDAA7ABE37}.Release|x86.ActiveCfg = Release|Win32
		{037206E4-1E88-4A70-8A43-C8DDAA7ABE37}.Release|x86.Build.0 = Release|Win32
		{037206E4-1E88-4A70-8A43-C8DDAA7ABE37}.RelWithDebInfo|x64.ActiveCfg = Release|x64
		{037206E4-1E88-4A70-8A43-C8DDAA7ABE37}.RelWithDebInfo|x64.Build.0 = Release|x64
		{037206E4-1E88-4A70-8A43-C8DDAA7ABE37}.RelWithDebInfo|x86.ActiveCfg = Release|Win32
		{037206E4-1E88-4A70-8A43-C8DDAA7ABE37}.RelWithDebInfo|x86.Build.0 = Release|Win32
		{44E33C94-51DB-4923-BE13-FEE9627F32BE}.Debug|x64.ActiveCfg = Debug|x64
		{44E33C94-51DB-4923-BE13-FEE9627F32BE}.Debug|x64.Build.0 = Debug|x64
		{44E33C94-51DB-4923-BE13-FEE9627F32BE}.Debug|x86.ActiveCfg = Debug|Win32
		{44E33C94-51DB-4923-BE13-FEE9627F32BE}.Debug|x86.Build.0 = Debug|Win32
		{44E33C94-51DB-4923-BE13-FEE9627F32BE}.MinSizeRel|x64.ActiveCfg = Release|x64
		{44E33C94-51DB-4923-BE13-FEE9627F32BE}.MinSizeRel|x64.Build.0 = Release|x64
		{44E33C94-51DB-4923-BE13-FEE9627F32BE}.MinSizeRel|x86.ActiveCfg = Release|Win32
		{44E33C94-51DB-4923-BE13-FEE9627F32BE}.MinSizeRel|x86.Build.0 = Release|Win32
		{44E33C94-51DB-4923-BE13-FEE9627F32BE}.Release|x64.ActiveCfg = Release|x64
		{44E33C94-51DB-4923-BE13-FEE9627F32BE}.Release|x64.Build.0 = Release|x64
		{44E33C94-51DB-4923-BE13-FEE9627F32BE}.Release|x86.ActiveCfg = Release|Win32
		{44E33C94-51DB-4923-BE13-FEE9627F32BE}.Release|x86.Build.0 = Release|Win32
		{44E33C94-51DB-4923-BE13-FEE9627F32BE}.RelWithDebInfo|x64.ActiveCfg = Release|x64
		{44E33C94-51DB-4923-BE13-FEE9627F32BE}.RelWithDebInfo|x64.Build.0 = Release|x64
		{44E33C94-51DB-4923-BE13-FEE9627F32BE}.RelWithDebInfo|x86.ActiveCfg = Release|Win32
		{44E33C94-51DB-4923-BE13-FEE9627F32BE}.RelWithDebInfo|x86.Build.0 = Release|Win32
		{E6938116-D051-4F5D-94E9-60B31AC415D9}.Debug|x64.ActiveCfg = Debug|x64
		{E6938116-D051-4F5D-94E9-60B31AC415D9}.Debug|x64.Build.0 = Debug|x64
		{E6938116-D051-4F5D-94E9-60B31AC415D9}.Debug|x86.ActiveCfg = Debug|Win32
		{E6938116-D051-4F5D-94E9-60B31AC415D9}.Debug|x86.Build.0 = Debug|Win32
		{E6938116-D051-4F5D-94E9-60B31AC415D9}.MinSizeRel|x64.ActiveCfg = Release|x64
		{E6938116-D051-4F5D-94E9-60B31AC415D9}.MinSizeRel|x64.Build.0 = Release|x64
		{E6938116-D051-4F5D-94E9-60B31AC415D9}.MinSizeRel|x86.ActiveCfg = Release|Win32
		{E6938116-D051-4F5D-94E9-60B31AC415D9}.MinSizeRel|x86.Build.0 = Release|Win32
		{E6938116-D051-4F5D-94E9-60B31AC415D9}.Release|x64.ActiveCfg = Release|x64
		{E6938116-D051-4F5D-94E9-60B31AC415D9}.Release|x64.Build.0 = Release|x64
		{E6938116-D051-4F5D-94E9-60B31AC415D9}.Release|x86.ActiveCfg = Release|Win32
		{E6938116-D051-4F5D-94E9-60B31AC415D9}.Release|x86.Build.0 = Release|Win32
		{E6938116-D051-4F5D-94E9-60B31AC415D9}.RelWithDebInfo|x64.ActiveCfg = Release|x64
		{E6938116-D051-4F5D-94E9-60B31AC415D9}.RelWithDebInfo|x64.Build.0 = Release|x64
		{E6938116-D051-4F5D-94E9-60B31AC415D9}.RelWithDebInfo|x86.ActiveCfg = Release|Win32
		{E6938116-D051-4F5D-94E9-60B31AC415D9}.RelWithDebInfo|x86.Build.0 = Release|Win32
		{645684C2-14F6-4386-8A58-08F3FBD5F63C}.Debug|x64.ActiveCfg = Debug|x64
		{645684C2-14F6-4386-8A58-08F3FBD5F63C}.Debug|x64.Build.0 = Debug|x64
		{645684C2-14F6-4386-8A58-08F3FBD5F63C}.Debug|x86.ActiveCfg = Debug|Win32
		{645684C2-14F6-4386-8A58-08F3FBD5F63C}.Debug|x86.Build.0 = Debug|Win32
		{645684C2-14F6-4386-8A58-08F3FBD5F63C}.MinSizeRel|x64.ActiveCfg = Release|x64
		{645684C2-14F6-4386-8A58-08F3FBD5F63C}.MinSizeRel|x64.Build.0 = Release|x64
		{645684C2-14F6-4386-8A58-08F3FBD5F63C}.MinSizeRel|x86.ActiveCfg = Release|Win32
		{645684C2-14F6-4386-8A58-08F3FBD5F63C}.MinSizeRel|x86.Build.0 = Release|Win32
		{645684C2-14F6-4386-8A58-08F3FBD5F63C}.Release|x64.ActiveCfg = Release|x64
		{645684C2-14F6-4386-8A58-08F3FBD5F63C}.Release|x64.Build.0 = Release|x64
		{645684C2-14F6-4386-8A58-08F3FBD5F63C}.Release|x86.ActiveCfg = Release|Win32
		{645684C2-14F6-4386-8A58-08F3FBD5F63C}.Release|x86.Build.0 = Release|Win32
		{645684C2-14F6-4386-8A58-08F3FBD5F63C}.RelWithDebInfo|x64.ActiveCfg = Release|x64
		{645684C2-14F6-4386-8A58-08F3FBD5F63C}.RelWithDebInfo|x64.Build.0 = Release|x64
		{645684C2-14F6-4386-8A58-08F3FBD5F63C}.RelWithDebInfo|x86.ActiveCfg = Release|Win32
		{645684C2-14F6-4386-8A58-08F3FBD5F63C}.RelWithDebInfo|x86.Build.0 = Release|Win32
		{042E838D-0365-4B10-B750-55594F79031B}.Debug|x64.ActiveCfg = Debug|x64
		{042E838D-0365-4B10-B750-55594F79031B}.Debug|x64.Build.0 = Debug|x64
		{042E838D-0365-4B10-B750-55594F79031B}.Debug|x86.ActiveCfg = Debug|Win32
		{042E838D-0365-4B10-B750-55594F79031B}.Debug|x86.Build.0 = Debug|Win32
		{042E838D-0365-4B10-B750-55594F79031B}.MinSizeRel|x64.ActiveCfg = Release|x64
		{042E838D-0365-4B10-B750-55594F79031B}.MinSizeRel|x64.Build.0 = Release|x64
		{042E838D-0365-4B10-B750-55594F79031B}.MinSizeRel|x86.ActiveCfg = Release|Win32
		{042E838D-0365-4B10-B750-55594F79031B}.MinSizeRel|x86.Build.0 = Release|Win32
		{042E838D-0365-4B10-B750-55594F79031B}.Release|x64.ActiveCfg = Release|x64
		{042E838D-0365-4B10-B750-55594F79031B}.Release|x64.Build.0 = Release|x64
		{042E838D-0365-4B10-B750-55594F79031B}.Release|x86.ActiveCfg = Release|Win32
		{042E838D-0365-4B10-B750-55594F79031B}.Release|x86.Build.0 = Release|Win32
		{042E838D-0365-4B10-B750-55594F79031B}.RelWithDebInfo|x64.ActiveCfg = Release|x64
		{042E838D-0365-4B10-B750-55594F79031B}.RelWithDebInfo|x64.Build.0 = Release|x64
		{042E838D-0365-4B10-B750-55594F79031B}.RelWithDebInfo|x86.ActiveCfg = Release|Win32
		{042E838D-0365-4B10-B750-55594F79031B}.RelWithDebInfo|x86.Build.0 = Release|Win32
		{AF27AC3A-D1C2-4887-ABC2-749AD677747E}.Debug|x64.ActiveCfg = Debug|x64
		{AF27AC3A-D1C2-4887-ABC2-749AD677747E}.Debug|x64.Build.0 = Debug|x64
		{AF27AC3A-D1C2-4887-ABC2-749AD677747E}.Debug|x86.ActiveCfg = Debug|Win32
		{AF27AC3A-D1C2-4887-ABC2-749AD677747E}.Debug|x86.Build.0 = Debug|Win32
		{AF27AC3A-D1C2-4887-ABC2-749AD677747E}.MinSizeRel|x64.ActiveCfg = Release|x64
		{AF27AC3A-D1C2-4887-ABC2-749AD677747E}.MinSizeRel|x64.Build.0 = Release|x64
		{AF27AC3A-D1C2-4887-ABC2-749AD677747E}.MinSizeRel|x86.ActiveCfg = Release|Win32
		{AF27AC3A-D1C2-4887-ABC2-749AD677747E}.MinSizeRel|x86.Build.0 = Release|Win32
		{AF27AC3A-D1C2-4887-ABC2-749AD677747E}.Release|x64.ActiveCfg = Release|x64
		{AF27AC3A-D1C2-4887-ABC2-749AD677747E}.Release|x64.Build.0 = Release|x64
		{AF27AC3A-D1C2-4887-ABC2-749AD677747E}.Release|x86.ActiveCfg = Release|Win32
		{AF27AC3A-D1C2-4887-ABC2-749AD677747E}.Release|x86.Build.0 = Release|Win32
		{AF27AC3A-D1C2-4887-ABC2-749AD677747E}.RelWithDebInfo|x64.ActiveCfg = Release|x64
		{AF27AC3A-D1C2-4887-ABC2-749AD677747E}.RelWithDebInfo|x64.Build.0 = Release|x64
		{AF27AC3A-D1C2-4887-ABC2-749AD677747E}.RelWithDebInfo|x86.ActiveCfg = Release|Win32
		{AF27AC3A-D1C2-4887-ABC2-749AD677747E}.RelWithDebInfo|x86.Build.0 = Release|Win32
		{4C9CA785-BE6B-4CD2-AA1C-9BB7ECD916B8}.Debug|x64.ActiveCfg = Debug|x64
		{4C9CA785-BE6B-4CD2-AA1C-9BB7ECD916B8}.Debug|x64.Build.0 = Debug|x64
		{4C9CA785-BE6B-4CD2-AA1C-9BB7ECD916B8}.Debug|x86.ActiveCfg = Debug|Win32
		{4C9CA785-BE6B-4CD2-AA1C-9BB7ECD916B8}.Debug|x86.Build.0 = Debug|Win32
		{4C9CA785-BE6B-4CD2-AA1C-9BB7ECD916B8}.MinSizeRel|x64.ActiveCfg = Release|x64
		{4C9CA785-BE6B-4CD2-AA1C-9BB7ECD916B8}.MinSizeRel|x64.Build.0 = Release|x64
		{4C9CA785-BE6B-4CD2-AA1C-9BB7ECD916B8}.MinSizeRel|x86.ActiveCfg = Release|Win32
		{4C9CA785-BE6B-4CD2-AA1C-9BB7ECD916B8}.MinSizeRel|x86.Build.0 = Release|Win32
		{4C9CA785-BE6B-4CD2-AA1C-9BB7ECD916B8}.Release|x64.ActiveCfg = Release|x64
		{4C9CA785-BE6B-4CD2-AA1C-9BB7ECD916B8}.Release|x64.Build.0 = Release|x64
		{4C9CA785-BE6B-4CD2-AA1C-9BB7ECD916B8}.Release|x86.ActiveCfg = Release|Win32
		{4C9CA785-BE6B-4CD2-AA1C-9BB7ECD916B8}.Release|x86.Build.0 = Release|Win32
		{4C9CA785-BE6B-4CD2-AA1C-9BB7ECD916B8}.RelWithDebInfo|x64.ActiveCfg = Release|x64
		{4C9CA785-BE6B-4CD2-AA1C-9BB7ECD916B8}.RelWithDebInfo|x64.Build.0 = Release|x64
		{4C9CA785-BE6B-4CD2-AA1C-9BB7ECD916B8}.RelWithDebInfo|x86.ActiveCfg = Release|Win32
		{4C9CA785-BE6B-4CD2-AA1C-9BB7ECD916B8}.RelWithDebInfo|x86.Build.0 = Release|Win32
		{18A441B9-FECA-1BAD-6757-8A6300006755}.Debug|x64.ActiveCfg = Debug|x64
		{18A441B9-FECA-1BAD-6757-8A6300006755}.Debug|x64.Build.0 = Debug|x64
		{18A441B9-FECA-1BAD-6757-8A6300006755}.Debug|x86.ActiveCfg = Debug|Win32
		{18A441B9-FECA-1BAD-6757-8A6300006755}.Debug|x86.Build.0 = Debug|Win32
		{18A441B9-FECA-1BAD-6757-8A6300006755}.MinSizeRel|x64.ActiveCfg = Release|x64
		{18A441B9-FECA-1BAD-6757-8A6300006755}.MinSizeRel|x64.Build.0 = Release|x64
		{18A441B9-FECA-1BAD-6757-8A6300006755}.MinSizeRel|x86.ActiveCfg = Release|Win32
		{18A441B9-FECA-1BAD-6757-8A6300006755}.MinSizeRel|x86.Build.0 = Release|Win32
		{18A441B9-FECA-1BAD-6757-8A6300006755}.Release|x64.ActiveCfg = Release|x64
		{18A441B9-FECA-1BAD-6757-8A6300006755}.Release|x64.Build.0 = Release|x64
		{18A441B9-FECA-1BAD-6757-8A6300006755}.Release|x86.ActiveCfg = Release|Win32
		{18A441B9-FECA-1BAD-6757-8A6300006755}.Release|x86.Build.0 = Release|Win32
		{18A441B9-FECA-1BAD-6757-8A6300006755}.RelWithDebInfo|x64.ActiveCfg = Release|x64
		{18A441B9-FECA-1BAD-6757-8A6300006755}.RelWithDebInfo|x64.Build.0 = Release|x64
		{18A441B9-FECA-1BAD-6757-8A6300006755}.RelWithDebInfo|x86.ActiveCfg = Release|Win32
		{18A441B9-FECA-1BAD-6757-8A6300006755}.RelWithDebInfo|x86.Build.0 = Release|Win32
		{3ACAB908-42A1-4936-919F-9EAE7E331ACA}.Debug|x64.ActiveCfg = Debug|x64
		{3ACAB908-42A1-4936-919F-9EAE7E331ACA}.Debug|x64.Build.0 = Debug|x64
		{3ACAB908-42A1-4936-919F-9EAE7E331ACA}.Debug|x86.ActiveCfg = Debug|Win32
		{3ACAB908-42A1-4936-919F-9EAE7E331ACA}.Debug|x86.Build.0 = Debug|Win32
		{3ACAB908-42A1-4936-919F-9EAE7E331ACA}.MinSizeRel|x64.ActiveCfg = Release|x64
		{3ACAB908-42A1-4936-919F-9EAE7E331ACA}.MinSizeRel|x64.Build.0 = Release|x64
		{3ACAB908-42A1-4936-919F-9EAE7E331ACA}.MinSizeRel|x86.ActiveCfg = Release|Win32
		{3ACAB908-42A1-4936-919F-9EAE7E331ACA}.MinSizeRel|x86.Build.0 = Release|Win32
		{3ACAB908-42A1-4936-919F-9EAE7E331ACA}.Release|x64.ActiveCfg = Release|x64
		{3ACAB908-42A1-4936-919F-9EAE7E331ACA}.Release|x64.Build.0 = Release|x64
		{3ACAB908-42A1-4936-919F-9EAE7E331ACA}.Release|x86.ActiveCfg = Release|Win32
		{3ACAB908-42A1-4936-919F-9EAE7E331ACA}.Release|x86.Build.0 = Release|Win32
		{3ACAB908-42A1-4936-919F-9EAE7E331ACA}.RelWithDebInfo|x64.ActiveCfg = Release|x64
		{3ACAB908-42A1-4936-919F-9EAE7E331ACA}.RelWithDebInfo|x64.Build.0 = Release|x64
		{3ACAB908-42A1-4936-919F-9EAE7E331ACA}.RelWithDebInfo|x86.ActiveCfg = Release|Win32
		{3ACAB908-42A1-4936-919F-9EAE7E331ACA}.RelWithDebInfo|x86.Build.0 = Release|Win32
		{45D67A15-3F79-404D-B6F8-6C7CAE8C6408}.Debug|x64.ActiveCfg = Debug|x64
		{45D67A15-3F79-404D-B6F8-6C7CAE8C6408}.Debug|x64.Build.0 = Debug|x64
		{45D67A15-3F79-404D-B6F8-6C7CAE8C6408}.Debug|x86.ActiveCfg = Debug|Win32
		{45D67A15-3F79-404D-B6F8-6C7CAE8C6408}.Debug|x86.Build.0 = Debug|Win32
		{45D67A15-3F79-404D-B6F8-6C7CAE8C6408}.MinSizeRel|x64.ActiveCfg = Release|x64
		{45D67A15-3F79-404D-B6F8-6C7CAE8C6408}.MinSizeRel|x64.Build.0 = Release|x64
		{45D67A15-3F79-404D-B6F8-6C7CAE8C6408}.MinSizeRel|x86.ActiveCfg = Release|Win32
		{45D67A15-3F79-404D-B6F8-6C7CAE8C6408}.MinSizeRel|x86.Build.0 = Release|Win32
		{45D67A15-3F79-404D-B6F8-6C7CAE8C6408}.Release|x64.ActiveCfg = Release|x64
		{45D67A15-3F79-404D-B6F8-6C7CAE8C6408}.Release|x64.Build.0 = Release|x64
		{45D67A15-3F79-404D-B6F8-6C7CAE8C6408}.Release|x86.ActiveCfg = Release|Win32
		{45D67A15-3F79-404D-B6F8-6C7CAE8C6408}.Release|x86.Build.0 = Release|Win32
		{45D67A15-3F79-404D-B6F8-6C7CAE8C6408}.RelWithDebInfo|x64.ActiveCfg = Release|x64
		{45D67A15-3F79-404D-B6F8-6C7CAE8C6408}.RelWithDebInfo|x64.Build.0 = Release|x64
		{45D67A15-3F79-404D-B6F8-6C7CAE8C6408}.RelWithDebInfo|x86.ActiveCfg = Release|Win32
		{45D67A15-3F79-404D-B6F8-6C7CAE8C6408}.RelWithDebInfo|x86.Build.0 = Release|Win32
		{B0F6DBBF-6DB8-48E3-B0E3-45A0415154E0}.Debug|x64.ActiveCfg = Debug|x64
		{B0F6DBBF-6DB8-48E3-B0E3-45A0415154E0}.Debug|x64.Build.0 = Debug|x64
		{B0F6DBBF-6DB8-48E3-B0E3-45A0415154E0}.Debug|x86.ActiveCfg = Debug|Win32
		{B0F6DBBF-6DB8-48E3-B0E3-45A0415154E0}.Debug|x86.Build.0 = Debug|Win32
		{B0F6DBBF-6DB8-48E3-B0E3-45A0415154E0}.MinSizeRel|x64.ActiveCfg = Release|x64
		{B0F6DBBF-6DB8-48E3-B0E3-45A0415154E0}.MinSizeRel|x64.Build.0 = Release|x64
		{B0F6DBBF-6DB8-48E3-B0E3-45A0415154E0}.MinSizeRel|x86.ActiveCfg = Release|Win32
		{B0F6DBBF-6DB8-48E3-B0E3-45A0415154E0}.MinSizeRel|x86.Build.0 = Release|Win32
		{B0F6DBBF-6DB8-48E3-B0E3-45A0415154E0}.Release|x64.ActiveCfg = Release|x64
		{B0F6DBBF-6DB8-48E3-B0E3-45A0415154E0}.Release|x64.Build.0 = Release|x64
		{B0F6DBBF-6DB8-48E3-B0E3-45A0415154E0}.Release|x86.ActiveCfg = Release|Win32
		{B0F6DBBF-6DB8-48E3-B0E3-45A0415154E0}.Release|x86.Build.0 = Release|Win32
		{B0F6DBBF-6DB8-48E3-B0E3-45A0415154E0}.RelWithDebInfo|x64.ActiveCfg = Release|x64
		{B0F6DBBF-6DB8-48E3-B0E3-45A0415154E0}.RelWithDebInfo|x64.Build.0 = Release|x64
		{B0F6DBBF-6DB8-48E3-B0E3-45A0415154E0}.RelWithDebInfo|x86.ActiveCfg = Release|Win32
		{B0F6DBBF-6DB8-48E3-B0E3-45A0415154E0}.RelWithDebInfo|x86.Build.0 = Release|Win32
		{521F61EE-1866-43F7-8CBA-979143698DD4}.Debug|x64.ActiveCfg = Debug|x64
		{521F61EE-1866-43F7-8CBA-979143698DD4}.Debug|x64.Build.0 = Debug|x64
		{521F61EE-1866-43F7-8CBA-979143698DD4}.Debug|x86.ActiveCfg = Debug|Win32
		{521F61EE-1866-43F7-8CBA-979143698DD4}.Debug|x86.Build.0 = Debug|Win32
		{521F61EE-1866-43F7-8CBA-979143698DD4}.MinSizeRel|x64.ActiveCfg = Release|x64
		{521F61EE-1866-43F7-8CBA-979143698DD4}.MinSizeRel|x64.Build.0 = Release|x64
		{521F61EE-1866-43F7-8CBA-979143698DD4}.MinSizeRel|x86.ActiveCfg = Release|Win32
		{521F61EE-1866-43F7-8CBA-979143698DD4}.MinSizeRel|x86.Build.0 = Release|Win32
		{521F61EE-1866-43F7-8CBA-979143698DD4}.Release|x64.ActiveCfg = Release|x64
		{521F61EE-1866-43F7-8CBA-979143698DD4}.Release|x64.Build.0 = Release|x64
		{521F61EE-1866-43F7-8CBA-979143698DD4}.Release|x86.ActiveCfg = Release|Win32
		{521F61EE-1866-43F7-8CBA-979143698DD4}.Release|x86.Build.0 = Release|Win32
		{521F61EE-1866-43F7-8CBA-979143698DD4}.RelWithDebInfo|x64.ActiveCfg = Release|x64
		{521F61EE-1866-43F7-8CBA-979143698DD4}.RelWithDebInfo|x64.Build.0 = Release|x64
		{521F61EE-1866-43F7-8CBA-979143698DD4}.RelWithDebInfo|x86.ActiveCfg = Release|Win32
		{521F61EE-1866-43F7-8CBA-979143698DD4}.RelWithDebInfo|x86.Build.0 = Release|Win32
		{DC21E9E2-7861-40D1-AC85-BB1BB28AE9AC}.Debug|x64.ActiveCfg = Debug|x64
		{DC21E9E2-7861-40D1-AC85-BB1BB28AE9AC}.Debug|x64.Build.0 = Debug|x64
		{DC21E9E2-7861-40D1-AC85-BB1BB28AE9AC}.Debug|x86.ActiveCfg = Debug|Win32
		{DC21E9E2-7861-40D1-AC85-BB1BB28AE9AC}.Debug|x86.Build.0 = Debug|Win32
		{DC21E9E2-7861-40D1-AC85-BB1BB28AE9AC}.MinSizeRel|x64.ActiveCfg = Release|x64
		{DC21E9E2-7861-40D1-AC85-BB1BB28AE9AC}.MinSizeRel|x64.Build.0 = Release|x64
		{DC21E9E2-7861-40D1-AC85-BB1BB28AE9AC}.MinSizeRel|x86.ActiveCfg = Release|Win32
		{DC21E9E2-7861-40D1-AC85-BB1BB28AE9AC}.MinSizeRel|x86.Build.0 = Release|Win32
		{DC21E9E2-7861-40D1-AC85-BB1BB28AE9AC}.Release|x64.ActiveCfg = Release|x64
		{DC21E9E2-7861-40D1-AC85-BB1BB28AE9AC}.Release|x64.Build.0 = Release|x64
		{DC21E9E2-7861-40D1-AC85-BB1BB28AE9AC}.Release|x86.ActiveCfg = Release|Win32
		{DC21E9E2-7861-40D1-AC85-BB1BB28AE9AC}.Release|x86.Build.0 = Release|Win32
		{DC21E9E2-7861-40D1-AC85-BB1BB28AE9AC}.RelWithDebInfo|x64.ActiveCfg = Release|x64
		{DC21E9E2-7861-40D1-AC85-BB1BB28AE9AC}.RelWithDebInfo|x64.Build.0 = Release|x64
		{DC21E9E2-7861-40D1-AC85-BB1BB28AE9AC}.RelWithDebInfo|x86.ActiveCfg = Release|Win32
		{DC21E9E2-7861-40D1-AC85-BB1BB28AE9AC}.RelWithDebInfo|x86.Build.0 = Release|Win32
		{94164810-0AD4-49AD-9807-4BF198E2FFBA}.Debug|x64.ActiveCfg = Debug|x64
		{94164810-0AD4-49AD-9807-4BF198E2FFBA}.Debug|x64.Build.0 = Debug|x64
		{94164810-0AD4-49AD-9807-4BF198E2FFBA}.Debug|x86.ActiveCfg = Debug|Win32
		{94164810-0AD4-49AD-9807-4BF198E2FFBA}.Debug|x86.Build.0 = Debug|Win32
		{94164810-0AD4-49AD-9807-4BF198E2FFBA}.MinSizeRel|x64.ActiveCfg = Release|x64
		{94164810-0AD4-49AD-9807-4BF198E2FFBA}.MinSizeRel|x64.Build.0 = Release|x64
		{94164810-0AD4-49AD-9807-4BF198E2FFBA}.MinSizeRel|x86.ActiveCfg = Release|Win32
		{94164810-0AD4-49AD-9807-4BF198E2FFBA}.MinSizeRel|x86.Build.0 = Release|Win32
		{94164810-0AD4-49AD-9807-4BF198E2FFBA}.Release|x64.ActiveCfg = Release|x64
		{94164810-0AD4-49AD-9807-4BF198E2FFBA}.Release|x64.Build.0 = Release|x64
		{94164810-0AD4-49AD-9807-4BF198E2FFBA}.Release|x86.ActiveCfg = Release|Win32
		{94164810-0AD4-49AD-9807-4BF198E2FFBA}.Release|x86.Build.0 = Release|Win32
		{94164810-0AD4-49AD-9807-4BF198E2FFBA}.RelWithDebInfo|x64.ActiveCfg = Release|x64
		{94164810-0AD4-49AD-9807-4BF198E2FFBA}.RelWithDebInfo|x64.Build.0 = Release|x64
		{94164810-0AD4-49AD-9807-4BF198E2FFBA}.RelWithDebInfo|x86.ActiveCfg = Release|Win32
		{94164810-0AD4-49AD-9807-4BF198E2FFBA}.RelWithDebInfo|x86.Build.0 = Release|Win32
		{8FC3592D-4737-403C-AB3F-FBFAF3BB0343}.Debug|x64.ActiveCfg = Debug|x64
		{8FC3592D-4737-403C-AB3F-FBFAF3BB0343}.Debug|x64.Build.0 = Debug|x64
		{8FC3592D-4737-403C-AB3F-FBFAF3BB0343}.Debug|x86.ActiveCfg = Debug|Win32
		{8FC3592D-4737-403C-AB3F-FBFAF3BB0343}.Debug|x86.Build.0 = Debug|Win32
		{8FC3592D-4737-403C-AB3F-FBFAF3BB0343}.MinSizeRel|x64.ActiveCfg = Release|x64
		{8FC3592D-4737-403C-AB3F-FBFAF3BB0343}.MinSizeRel|x64.Build.0 = Release|x64
		{8FC3592D-4737-403C-AB3F-FBFAF3BB0343}.MinSizeRel|x86.ActiveCfg = Release|Win32
		{8FC3592D-4737-403C-AB3F-FBFAF3BB0343}.MinSizeRel|x86.Build.0 = Release|Win32
		{8FC3592D-4737-403C-AB3F-FBFAF3BB0343}.Release|x64.ActiveCfg = Release|x64
		{8FC3592D-4737-403C-AB3F-FBFAF3BB0343}.Release|x64.Build.0 = Release|x64
		{8FC3592D-4737-403C-AB3F-FBFAF3BB0343}.Release|x86.ActiveCfg = Release|Win32
		{8FC3592D-4737-403C-AB3F-FBFAF3BB0343}.Release|x86.Build.0 = Release|Win32
		{8FC3592D-4737-403C-AB3F-FBFAF3BB0343}.RelWithDebInfo|x64.ActiveCfg = Release|x64
		{8FC3592D-4737-403C-AB3F-FBFAF3BB0343}.RelWithDebInfo|x64.Build.0 = Release|x64
		{8FC3592D-4737-403C-AB3F-FBFAF3BB0343}.RelWithDebInfo|x86.ActiveCfg = Release|Win32
		{8FC3592D-4737-403C-AB3F-FBFAF3BB0343}.RelWithDebInfo|x86.Build.0 = Release|Win32
		{ED065CEF-55C1-4384-B1C8-5D055F80E38D}.Debug|x64.ActiveCfg = Debug|x64
		{ED065CEF-55C1-4384-B1C8-5D055F80E38D}.Debug|x64.Build.0 = Debug|x64
		{ED065CEF-55C1-4384-B1C8-5D055F80E38D}.Debug|x86.ActiveCfg = Debug|Win32
		{ED065CEF-55C1-4384-B1C8-5D055F80E38D}.Debug|x86.Build.0 = Debug|Win32
		{ED065CEF-55C1-4384-B1C8-5D055F80E38D}.MinSizeRel|x64.ActiveCfg = Release|x64
		{ED065CEF-55C1-4384-B1C8-5D055F80E38D}.MinSizeRel|x64.Build.0 = Release|x64
		{ED065CEF-55C1-4384-B1C8-5D055F80E38D}.MinSizeRel|x86.ActiveCfg = Release|Win32
		{ED065CEF-55C1-4384-B1C8-5D055F80E38D}.MinSizeRel|x86.Build.0 = Release|Win32
		{ED065CEF-55C1-4384-B1C8-5D055F80E38D}.Release|x64.ActiveCfg = Release|x64
		{ED065CEF-55C1-4384-B1C8-5D055F80E38D}.Release|x64.Build.0 = Release|x64
		{ED065CEF-55C1-4384-B1C8-5D055F80E38D}.Release|x86.ActiveCfg = Release|Win32
		{ED065CEF-55C1-4384-B1C8-5D055F80E38D}.Release|x86.Build.0 = Release|Win32
		{ED065CEF-55C1-4384-B1C8-5D055F80E38D}.RelWithDebInfo|x64.ActiveCfg = Release|x64
		{ED065CEF-55C1-4384-B1C8-5D055F80E38D}.RelWithDebInfo|x64.Build.0 = Release|x64
		{ED065CEF-55C1-4384-B1C8-5D055F80E38D}.RelWithDebInfo|x86.ActiveCfg = Release|Win32
		{ED065CEF-55C1-4384-B1C8-5D055F80E38D}.RelWithDebInfo|x86.Build.0 = Release|Win32
		{6F0CA019-9770-4A58-B6DF-2DD17D1ED742}.Debug|x64.ActiveCfg = Debug|x64
		{6F0CA019-9770-4A58-B6DF-2DD17D1ED742}.Debug|x64.Build.0 = Debug|x64
		{6F0CA019-9770-4A58-B6DF-2DD17D1ED742}.Debug|x86.ActiveCfg = Debug|Win32
		{6F0CA019-9770-4A58-B6DF-2DD17D1ED742}.Debug|x86.Build.0 = Debug|Win32
		{6F0CA019-9770-4A58-B6DF-2DD17D1ED742}.MinSizeRel|x64.ActiveCfg = Release|x64
		{6F0CA019-9770-4A58-B6DF-2DD17D1ED742}.MinSizeRel|x64.Build.0 = Release|x64
		{6F0CA019-9770-4A58-B6DF-2DD17D1ED742}.MinSizeRel|x86.ActiveCfg = Release|Win32
		{6F0CA019-9770-4A58-B6DF-2DD17D1ED742}.MinSizeRel|x86.Build.0 = Release|Win32
		{6F0CA019-9770-4A58-B6DF-2DD17D1ED742}.Release|x64.ActiveCfg = Release|x64
		{6F0CA019-9770-4A58-B6DF-2DD17D1ED742}.Release|x64.Build.0 = Release|x64
		{6F0CA019-9770-4A58-B6DF-2DD17D1ED742}.Release|x86.ActiveCfg = Release|Win32
		{6F0CA019-9770-4A58-B6DF-2DD17D1ED742}.Release|x86.Build.0 = Release|Win32
		{6F0CA019-9770-4A58-B6DF-2DD17D1ED742}.RelWithDebInfo|x64.ActiveCfg = Release|x64
		{6F0CA019-9770-4A58-B6DF-2DD17D1ED742}.RelWithDebInfo|x64.Build.0 = Release|x64
		{6F0CA019-9770-4A58-B6DF-2DD17D1ED742}.RelWithDebInfo|x86.ActiveCfg = Release|Win32
		{6F0CA019-9770-4A58-B6DF-2DD17D1ED742}.RelWithDebInfo|x86.Build.0 = Release|Win32
		{68BB6418-F53D-4BD3-9AA5-609BEFD92B4B}.Debug|x64.ActiveCfg = Debug|x64
		{68BB6418-F53D-4BD3-9AA5-609BEFD92B4B}.Debug|x64.Build.0 = Debug|x64
		{68BB6418-F53D-4BD3-9AA5-609BEFD92B4B}.Debug|x86.ActiveCfg = Debug|Win32
		{68BB6418-F53D-4BD3-9AA5-609BEFD92B4B}.Debug|x86.Build.0 = Debug|Win32
		{68BB6418-F53D-4BD3-9AA5-609BEFD92B4B}.MinSizeRel|x64.ActiveCfg = Release|x64
		{68BB6418-F53D-4BD3-9AA5-609BEFD92B4B}.MinSizeRel|x64.Build.0 = Release|x64
		{68BB6418-F53D-4BD3-9AA5-609BEFD92B4B}.MinSizeRel|x86.ActiveCfg = Release|Win32
		{68BB6418-F53D-4BD3-9AA5-609BEFD92B4B}.MinSizeRel|x86.Build.0 = Release|Win32
		{68BB6418-F53D-4BD3-9AA5-609BEFD92B4B}.Release|x64.ActiveCfg = Release|x64
		{68BB6418-F53D-4BD3-9AA5-609BEFD92B4B}.Release|x64.Build.0 = Release|x64
		{68BB6418-F53D-4BD3-9AA5-609BEFD92B4B}.Release|x86.ActiveCfg = Release|Win32
		{68BB6418-F53D-4BD3-9AA5-609BEFD92B4B}.Release|x86.Build.0 = Release|Win32
		{68BB6418-F53D-4BD3-9AA5-609BEFD92B4B}.RelWithDebInfo|x64.ActiveCfg = Release|x64
		{68BB6418-F53D-4BD3-9AA5-609BEFD92B4B}.RelWithDebInfo|x64.Build.0 = Release|x64
		{68BB6418-F53D-4BD3-9AA5-609BEFD92B4B}.RelWithDebInfo|x86.ActiveCfg = Release|Win32
		{68BB6418-F53D-4BD3-9AA5-609BEFD92B4B}.RelWithDebInfo|x86.Build.0 = Release|Win32
		{AD5DAEF4-FBC0-4D5C-AF87-675A82C3F4F9}.Debug|x64.ActiveCfg = Debug|x64
		{AD5DAEF4-FBC0-4D5C-AF87-675A82C3F4F9}.Debug|x64.Build.0 = Debug|x64
		{AD5DAEF4-FBC0-4D5C-AF87-675A82C3F4F9}.Debug|x86.ActiveCfg = Debug|Win32
		{AD5DAEF4-FBC0-4D5C-AF87-675A82C3F4F9}.Debug|x86.Build.0 = Debug|Win32
		{AD5DAEF4-FBC0-4D5C-AF87-675A82C3F4F9}.MinSizeRel|x64.ActiveCfg = Release|x64
		{AD5DAEF4-FBC0-4D5C-AF87-675A82C3F4F9}.MinSizeRel|x64.Build.0 = Release|x64
		{AD5DAEF4-FBC0-4D5C-AF87-675A82C3F4F9}.MinSizeRel|x86.ActiveCfg = Release|Win32
		{AD5DAEF4-FBC0-4D5C-AF87-675A82C3F4F9}.MinSizeRel|x86.Build.0 = Release|Win32
		{AD5DAEF4-FBC0-4D5C-AF87-675A82C3F4F9}.Release|x64.ActiveCfg = Release|x64
		{AD5DAEF4-FBC0-4D5C-AF87-675A82C3F4F9}.Release|x64.Build.0 = Release|x64
		{AD5DAEF4-FBC0-4D5C-AF87-675A82C3F4F9}.Release|x86.ActiveCfg = Release|Win32
		{AD5DAEF4-FBC0-4D5C-AF87-675A82C3F4F9}.Release|x86.Build.0 = Release|Win32
		{AD5DAEF4-FBC0-4D5C-AF87-675A82C3F4F9}.RelWithDebInfo|x64.ActiveCfg = Release|x64
		{AD5DAEF4-FBC0-4D5C-AF87-675A82C3F4F9}.RelWithDebInfo|x64.Build.0 = Release|x64
		{AD5DAEF4-FBC0-4D5C-AF87-675A82C3F4F9}.RelWithDebInfo|x86.ActiveCfg = Release|Win32
		{AD5DAEF4-FBC0-4D5C-AF87-675A82C3F4F9}.RelWithDebInfo|x86.Build.0 = Release|Win32
		{7701E88A-3CA5-469F-8C72-96646CAFAFE3}.Debug|x64.ActiveCfg = Debug|x64
		{7701E88A-3CA5-469F-8C72-96646CAFAFE3}.Debug|x64.Build.0 = Debug|x64
		{7701E88A-3CA5-469F-8C72-96646CAFAFE3}.Debug|x86.ActiveCfg = Debug|Win32
		{7701E88A-3CA5-469F-8C72-96646CAFAFE3}.Debug|x86.Build.0 = Debug|Win32
		{7701E88A-3CA5-469F-8C72-96646CAFAFE3}.MinSizeRel|x64.ActiveCfg = Release|x64
		{7701E88A-3CA5-469F-8C72-96646CAFAFE3}.MinSizeRel|x64.Build.0 = Release|x64
		{7701E88A-3CA5-469F-8C72-96646CAFAFE3}.MinSizeRel|x86.ActiveCfg = Release|Win32
		{7701E88A-3CA5-469F-8C72-96646CAFAFE3}.MinSizeRel|x86.Build.0 = Release|Win32
		{7701E88A-3CA5-469F-8C72-96646CAFAFE3}.Release|x64.ActiveCfg = Release|x64
		{7701E88A-3CA5-469F-8C72-96646CAFAFE3}.Release|x64.Build.0 = Release|x64
		{7701E88A-3CA5-469F-8C72-96646CAFAFE3}.Release|x86.ActiveCfg = Release|Win32
		{7701E88A-3CA5-469F-8C72-96646CAFAFE3}.Release|x86.Build.0 = Release|Win32
		{7701E88A-3CA5-469F-8C72-96646CAFAFE3}.RelWithDebInfo|x64.ActiveCfg = Release|x64
		{7701E88A-3CA5-469F-8C72-96646CAFAFE3}.RelWithDebInfo|x64.Build.0 = Release|x64
		{7701E88A-3CA5-469F-8C72-96646CAFAFE3}.RelWithDebInfo|x86.ActiveCfg = Release|Win32
		{7701E88A-3CA5-469F-8C72-96646CAFAFE3}.RelWithDebInfo|x86.Build.0 = Release|Win32
		{45988B68-1ACA-4E08-97BD-3862D3CDFEAA}.Debug|x64.ActiveCfg = Debug|x64
		{45988B68-1ACA-4E08-97BD-3862D3CDFEAA}.Debug|x64.Build.0 = Debug|x64
		{45988B68-1ACA-4E08-97BD-3862D3CDFEAA}.Debug|x86.ActiveCfg = Debug|Win32
		{45988B68-1ACA-4E08-97BD-3862D3CDFEAA}.Debug|x86.Build.0 = Debug|Win32
		{45988B68-1ACA-4E08-97BD-3862D3CDFEAA}.MinSizeRel|x64.ActiveCfg = Release|x64
		{45988B68-1ACA-4E08-97BD-3862D3CDFEAA}.MinSizeRel|x64.Build.0 = Release|x64
		{45988B68-1ACA-4E08-97BD-3862D3CDFEAA}.MinSizeRel|x86.ActiveCfg = Release|Win32
		{45988B68-1ACA-4E08-97BD-3862D3CDFEAA}.MinSizeRel|x86.Build.0 = Release|Win32
		{45988B68-1ACA-4E08-97BD-3862D3CDFEAA}.Release|x64.ActiveCfg = Release|x64
		{45988B68-1ACA-4E08-97BD-3862D3CDFEAA}.Release|x64.Build.0 = Release|x64
		{45988B68-1ACA-4E08-97BD-3862D3CDFEAA}.Release|x86.ActiveCfg = Release|Win32
		{45988B68-1ACA-4E08-97BD-3862D3CDFEAA}.Release|x86.Build.0 = Release|Win32
		{45988B68-1ACA-4E08-97BD-3862D3CDFEAA}.RelWithDebInfo|x64.ActiveCfg = Release|x64
		{45988B68-1ACA-4E08-97BD-3862D3CDFEAA}.RelWithDebInfo|x64.Build.0 = Release|x64
		{45988B68-1ACA-4E08-97BD-3862D3CDFEAA}.RelWithDebInfo|x86.ActiveCfg = Release|Win32
		{45988B68-1ACA-4E08-97BD-3862D3CDFEAA}.RelWithDebInfo|x86.Build.0 = Release|Win32
		{1389A2DD-643E-4BE3-8CFD-C83DF4A11358}.Debug|x64.ActiveCfg = Debug|x64
		{1389A2DD-643E-4BE3-8CFD-C83DF4A11358}.Debug|x64.Build.0 = Debug|x64
		{1389A2DD-643E-4BE3-8CFD-C83DF4A11358}.Debug|x86.ActiveCfg = Debug|Win32
		{1389A2DD-643E-4BE3-8CFD-C83DF4A11358}.Debug|x86.Build.0 = Debug|Win32
		{1389A2DD-643E-4BE3-8CFD-C83DF4A11358}.MinSizeRel|x64.ActiveCfg = Release|x64
		{1389A2DD-643E-4BE3-8CFD-C83DF4A11358}.MinSizeRel|x64.Build.0 = Release|x64
		{1389A2DD-643E-4BE3-8CFD-C83DF4A11358}.MinSizeRel|x86.ActiveCfg = Release|Win32
		{1389A2DD-643E-4BE3-8CFD-C83DF4A11358}.MinSizeRel|x86.Build.0 = Release|Win32
		{1389A2DD-643E-4BE3-8CFD-C83DF4A11358}.Release|x64.ActiveCfg = Release|x64
		{1389A2DD-643E-4BE3-8CFD-C83DF4A11358}.Release|x64.Build.0 = Release|x64
		{1389A2DD-643E-4BE3-8CFD-C83DF4A11358}.Release|x86.ActiveCfg = Release|Win32
		{1389A2DD-643E-4BE3-8CFD-C83DF4A11358}.Release|x86.Build.0 = Release|Win32
		{1389A2DD-643E-4BE3-8CFD-C83DF4A11358}.RelWithDebInfo|x64.ActiveCfg = Release|x64
		{1389A2DD-643E-4BE3-8CFD-C83DF4A11358}.RelWithDebInfo|x64.Build.0 = Release|x64
		{1389A2DD-643E-4BE3-8CFD-C83DF4A11358}.RelWithDebInfo|x86.ActiveCfg = Release|Win32
		{1389A2DD-643E-4BE3-8CFD-C83DF4A11358}.RelWithDebInfo|x86.Build.0 = Release|Win32
		{716C814C-1B3F-47F8-98C1-87A1089DACF1}.Debug|x64.ActiveCfg = Debug|x64
		{716C814C-1B3F-47F8-98C1-87A1089DACF1}.Debug|x64.Build.0 = Debug|x64
		{716C814C-1B3F-47F8-98C1-87A1089DACF1}.Debug|x86.ActiveCfg = Debug|Win32
		{716C814C-1B3F-47F8-98C1-87A1089DACF1}.Debug|x86.Build.0 = Debug|Win32
		{716C814C-1B3F-47F8-98C1-87A1089DACF1}.MinSizeRel|x64.ActiveCfg = Release|x64
		{716C814C-1B3F-47F8-98C1-87A1089DACF1}.MinSizeRel|x64.Build.0 = Release|x64
		{716C814C-1B3F-47F8-98C1-87A1089DACF1}.MinSizeRel|x86.ActiveCfg = Release|Win32
		{716C814C-1B3F-47F8-98C1-87A1089DACF1}.MinSizeRel|x86.Build.0 = Release|Win32
		{716C814C-1B3F-47F8-98C1-87A1089DACF1}.Release|x64.ActiveCfg = Release|x64
		{716C814C-1B3F-47F8-98C1-87A1089DACF1}.Release|x64.Build.0 = Release|x64
		{716C814C-1B3F-47F8-98C1-87A1089DACF1}.Release|x86.ActiveCfg = Release|Win32
		{716C814C-1B3F-47F8-98C1-87A1089DACF1}.Release|x86.Build.0 = Release|Win32
		{716C814C-1B3F-47F8-98C1-87A1089DACF1}.RelWithDebInfo|x64.ActiveCfg = Release|x64
		{716C814C-1B3F-47F8-98C1-87A1089DACF1}.RelWithDebInfo|x64.Build.0 = Release|x64
		{716C814C-1B3F-47F8-98C1-87A1089DACF1}.RelWithDebInfo|x86.ActiveCfg = Release|Win32
		{716C814C-1B3F-47F8-98C1-87A1089DACF1}.RelWithDebInfo|x86.Build.0 = Release|Win32
		{F5445AAD-2991-48D1-BCCE-A54821933415}.Debug|x64.ActiveCfg = Debug|x64
		{F5445AAD-2991-48D1-BCCE-A54821933415}.Debug|x64.Build.0 = Debug|x64
		{F5445AAD-2991-48D1-BCCE-A54821933415}.Debug|x86.ActiveCfg = Debug|Win32
		{F5445AAD-2991-48D1-BCCE-A54821933415}.Debug|x86.Build.0 = Debug|Win32
		{F5445AAD-2991-48D1-BCCE-A54821933415}.MinSizeRel|x64.ActiveCfg = Release|x64
		{F5445AAD-2991-48D1-BCCE-A54821933415}.MinSizeRel|x64.Build.0 = Release|x64
		{F5445AAD-2991-48D1-BCCE-A54821933415}.MinSizeRel|x86.ActiveCfg = Release|Win32
		{F5445AAD-2991-48D1-BCCE-A54821933415}.MinSizeRel|x86.Build.0 = Release|Win32
		{F5445AAD-2991-48D1-BCCE-A54821933415}.Release|x64.ActiveCfg = Release|x64
		{F5445AAD-2991-48D1-BCCE-A54821933415}.Release|x64.Build.0 = Release|x64
		{F5445AAD-2991-48D1-BCCE-A54821933415}.Release|x86.ActiveCfg = Release|Win32
		{F5445AAD-2991-48D1-BCCE-A54821933415}.Release|x86.Build.0 = Release|Win32
		{F5445AAD-2991-48D1-BCCE-A54821933415}.RelWithDebInfo|x64.ActiveCfg = Release|x64
		{F5445AAD-2991-48D1-BCCE-A54821933415}.RelWithDebInfo|x64.Build.0 = Release|x64
		{F5445AAD-2991-48D1-BCCE-A54821933415}.RelWithDebInfo|x86.ActiveCfg = Release|Win32
		{F5445AAD-2991-48D1-BCCE-A54821933415}.RelWithDebInfo|x86.Build.0 = Release|Win32
		{A2929747-42F4-402F-9337-CF54452F72DA}.Debug|x64.ActiveCfg = Debug|x64
		{A2929747-42F4-402F-9337-CF54452F72DA}.Debug|x64.Build.0 = Debug|x64
		{A2929747-42F4-402F-9337-CF54452F72DA}.Debug|x86.ActiveCfg = Debug|Win32
		{A2929747-42F4-402F-9337-CF54452F72DA}.Debug|x86.Build.0 = Debug|Win32
		{A2929747-42F4-402F-9337-CF54452F72DA}.MinSizeRel|x64.ActiveCfg = Release|x64
		{A2929747-42F4-402F-9337-CF54452F72DA}.MinSizeRel|x64.Build.0 = Release|x64
		{A2929747-42F4-402F-9337-CF54452F72DA}.MinSizeRel|x86.ActiveCfg = Release|Win32
		{A2929747-42F4-402F-9337-CF54452F72DA}.MinSizeRel|x86.Build.0 = Release|Win32
		{A2929747-42F4-402F-9337-CF54452F72DA}.Release|x64.ActiveCfg = Release|x64
		{A2929747-42F4-402F-9337-CF54452F72DA}.Release|x64.Build.0 = Release|x64
		{A2929747-42F4-402F-9337-CF54452F72DA}.Release|x86.ActiveCfg = Release|Win32
		{A2929747-42F4-402F-9337-CF54452F72DA}.Release|x86.Build.0 = Release|Win32
		{A2929747-42F4-402F-9337-CF54452F72DA}.RelWithDebInfo|x64.ActiveCfg = Release|x64
		{A2929747-42F4-402F-9337-CF54452F72DA}.RelWithDebInfo|x64.Build.0 = Release|x64
		{A2929747-42F4-402F-9337-CF54452F72DA}.RelWithDebInfo|x86.ActiveCfg = Release|Win32
		{A2929747-42F4-402F-9337-CF54452F72DA}.RelWithDebInfo|x86.Build.0 = Release|Win32
		{3D38D81B-4A0B-411C-BD12-46741990F44F}.Debug|x64.ActiveCfg = Debug|x64
		{3D38D81B-4A0B-411C-BD12-46741990F44F}.Debug|x64.Build.0 = Debug|x64
		{3D38D81B-4A0B-411C-BD12-46741990F44F}.Debug|x86.ActiveCfg = Debug|Win32
		{3D38D81B-4A0B-411C-BD12-46741990F44F}.Debug|x86.Build.0 = Debug|Win32
		{3D38D81B-4A0B-411C-BD12-46741990F44F}.MinSizeRel|x64.ActiveCfg = Release|x64
		{3D38D81B-4A0B-411C-BD12-46741990F44F}.MinSizeRel|x64.Build.0 = Release|x64
		{3D38D81B-4A0B-411C-BD12-46741990F44F}.MinSizeRel|x86.ActiveCfg = Release|Win32
		{3D38D81B-4A0B-411C-BD12-46741990F44F}.MinSizeRel|x86.Build.0 = Release|Win32
		{3D38D81B-4A0B-411C-BD12-46741990F44F}.Release|x64.ActiveCfg = Release|x64
		{3D38D81B-4A0B-411C-BD12-46741990F44F}.Release|x64.Build.0 = Release|x64
		{3D38D81B-4A0B-411C-BD12-46741990F44F}.Release|x86.ActiveCfg = Release|Win32
		{3D38D81B-4A0B-411C-BD12-46741990F44F}.Release|x86.Build.0 = Release|Win32
		{3D38D81B-4A0B-411C-BD12-46741990F44F}.RelWithDebInfo|x64.ActiveCfg = Release|x64
		{3D38D81B-4A0B-411C-BD12-46741990F44F}.RelWithDebInfo|x64.Build.0 = Release|x64
		{3D38D81B-4A0B-411C-BD12-46741990F44F}.RelWithDebInfo|x86.ActiveCfg = Release|Win32
		{3D38D81B-4A0B-411C-BD12-46741990F44F}.RelWithDebInfo|x86.Build.0 = Release|Win32
		{1B860CF2-322B-4C3C-8932-61D95095D131}.Debug|x64.ActiveCfg = Debug|x64
		{1B860CF2-322B-4C3C-8932-61D95095D131}.Debug|x64.Build.0 = Debug|x64
		{1B860CF2-322B-4C3C-8932-61D95095D131}.Debug|x86.ActiveCfg = Debug|Win32
		{1B860CF2-322B-4C3C-8932-61D95095D131}.Debug|x86.Build.0 = Debug|Win32
		{1B860CF2-322B-4C3C-8932-61D95095D131}.MinSizeRel|x64.ActiveCfg = Release|x64
		{1B860CF2-322B-4C3C-8932-61D95095D131}.MinSizeRel|x64.Build.0 = Release|x64
		{1B860CF2-322B-4C3C-8932-61D95095D131}.MinSizeRel|x86.ActiveCfg = Release|Win32
		{1B860CF2-322B-4C3C-8932-61D95095D131}.MinSizeRel|x86.Build.0 = Release|Win32
		{1B860CF2-322B-4C3C-8932-61D95095D131}.Release|x64.ActiveCfg = Release|x64
		{1B860CF2-322B-4C3C-8932-61D95095D131}.Release|x64.Build.0 = Release|x64
		{1B860CF2-322B-4C3C-8932-61D95095D131}.Release|x86.ActiveCfg = Release|Win32
		{1B860CF2-322B-4C3C-8932-61D95095D131}.Release|x86.Build.0 = Release|Win32
		{1B860CF2-322B-4C3C-8932-61D95095D131}.RelWithDebInfo|x64.ActiveCfg = Release|x64
		{1B860CF2-322B-4C3C-8932-61D95095D131}.RelWithDebInfo|x64.Build.0 = Release|x64
		{1B860CF2-322B-4C3C-8932-61D95095D131}.RelWithDebInfo|x86.ActiveCfg = Release|Win32
		{1B860CF2-322B-4C3C-8932-61D95095D131}.RelWithDebInfo|x86.Build.0 = Release|Win32
		{2DFD2556-563C-4801-918C-C7D930D30854}.Debug|x64.ActiveCfg = Debug|x64
		{2DFD2556-563C-4801-918C-C7D930D30854}.Debug|x64.Build.0 = Debug|x64
		{2DFD2556-563C-4801-918C-C7D930D30854}.Debug|x86.ActiveCfg = Debug|Win32
		{2DFD2556-563C-4801-918C-C7D930D30854}.Debug|x86.Build.0 = Debug|Win32
		{2DFD2556-563C-4801-918C-C7D930D30854}.MinSizeRel|x64.ActiveCfg = Release|x64
		{2DFD2556-563C-4801-918C-C7D930D30854}.MinSizeRel|x64.Build.0 = Release|x64
		{2DFD2556-563C-4801-918C-C7D930D30854}.MinSizeRel|x86.ActiveCfg = Release|Win32
		{2DFD2556-563C-4801-918C-C7D930D30854}.MinSizeRel|x86.Build.0 = Release|Win32
		{2DFD2556-563C-4801-918C-C7D930D30854}.Release|x64.ActiveCfg = Release|x64
		{2DFD2556-563C-4801-918C-C7D930D30854}.Release|x64.Build.0 = Release|x64
		{2DFD2556-563C-4801-918C-C7D930D30854}.Release|x86.ActiveCfg = Release|Win32
		{2DFD2556-563C-4801-918C-C7D930D30854}.Release|x86.Build.0 = Release|Win32
		{2DFD2556-563C-4801-918C-C7D930D30854}.RelWithDebInfo|x64.ActiveCfg = Release|x64
		{2DFD2556-563C-4801-918C-C7D930D30854}.RelWithDebInfo|x64.Build.0 = Release|x64
		{2DFD2556-563C-4801-918C-C7D930D30854}.RelWithDebInfo|x86.ActiveCfg = Release|Win32
		{2DFD2556-563C-4801-918C-C7D930D30854}.RelWithDebInfo|x86.Build.0 = Release|Win32
		{D23F61C4-F62A-4F7D-AA41-AA8132339971}.Debug|x64.ActiveCfg = Debug|x64
		{D23F61C4-F62A-4F7D-AA41-AA8132339971}.Debug|x64.Build.0 = Debug|x64
		{D23F61C4-F62A-4F7D-AA41-AA8132339971}.Debug|x86.ActiveCfg = Debug|Win32
		{D23F61C4-F62A-4F7D-AA41-AA8132339971}.Debug|x86.Build.0 = Debug|Win32
		{D23F61C4-F62A-4F7D-AA41-AA8132339971}.MinSizeRel|x64.ActiveCfg = Release|x64
		{D23F61C4-F62A-4F7D-AA41-AA8132339971}.MinSizeRel|x64.Build.0 = Release|x64
		{D23F61C4-F62A-4F7D-AA41-AA8132339971}.MinSizeRel|x86.ActiveCfg = Release|Win32
		{D23F61C4-F62A-4F7D-AA41-AA8132339971}.MinSizeRel|x86.Build.0 = Release|Win32
		{D23F61C4-F62A-4F7D-AA41-AA8132339971}.Release|x64.ActiveCfg = Release|x64
		{D23F61C4-F62A-4F7D-AA41-AA8132339971}.Release|x64.Build.0 = Release|x64
		{D23F61C4-F62A-4F7D-AA41-AA8132339971}.Release|x86.ActiveCfg = Release|Win32
		{D23F61C4-F62A-4F7D-AA41-AA8132339971}.Release|x86.Build.0 = Release|Win32
		{D23F61C4-F62A-4F7D-AA41-AA8132339971}.RelWithDebInfo|x64.ActiveCfg = Release|x64
		{D23F61C4-F62A-4F7D-AA41-AA8132339971}.RelWithDebInfo|x64.Build.0 = Release|x64
		{D23F61C4-F62A-4F7D-AA41-AA8132339971}.RelWithDebInfo|x86.ActiveCfg = Release|Win32
		{D23F61C4-F62A-4F7D-AA41-AA8132339971}.RelWithDebInfo|x86.Build.0 = Release|Win32
		{C37D6EE1-67A1-41CE-B901-06C6A25027AE}.Debug|x64.ActiveCfg = Debug|x64
		{C37D6EE1-67A1-41CE-B901-06C6A25027AE}.Debug|x64.Build.0 = Debug|x64
		{C37D6EE1-67A1-41CE-B901-06C6A25027AE}.Debug|x86.ActiveCfg = Debug|Win32
		{C37D6EE1-67A1-41CE-B901-06C6A25027AE}.Debug|x86.Build.0 = Debug|Win32
		{C37D6EE1-67A1-41CE-B901-06C6A25027AE}.MinSizeRel|x64.ActiveCfg = Release|x64
		{C37D6EE1-67A1-41CE-B901-06C6A25027AE}.MinSizeRel|x64.Build.0 = Release|x64
		{C37D6EE1-67A1-41CE-B901-06C6A25027AE}.MinSizeRel|x86.ActiveCfg = Release|Win32
		{C37D6EE1-67A1-41CE-B901-06C6A25027AE}.MinSizeRel|x86.Build.0 = Release|Win32
		{C37D6EE1-67A1-41CE-B901-06C6A25027AE}.Release|x64.ActiveCfg = Release|x64
		{C37D6EE1-67A1-41CE-B901-06C6A25027AE}.Release|x64.Build.0 = Release|x64
		{C37D6EE1-67A1-41CE-B901-06C6A25027AE}.Release|x86.ActiveCfg = Release|Win32
		{C37D6EE1-67A1-41CE-B901-06C6A25027AE}.Release|x86.Build.0 = Release|Win32
		{C37D6EE1-67A1-41CE-B901-06C6A25027AE}.RelWithDebInfo|x64.ActiveCfg = Release|x64
		{C37D6EE1-67A1-41CE-B901-06C6A25027AE}.RelWithDebInfo|x64.Build.0 = Release|x64
		{C37D6EE1-67A1-41CE-B901-06C6A25027AE}.RelWithDebInfo|x86.ActiveCfg = Release|Win32
		{C37D6EE1-67A1-41CE-B901-06C6A25027AE}.RelWithDebInfo|x86.Build.0 = Release|Win32
		{BA38AC2C-B32F-4589-9EB9-F910200616F4}.Debug|x64.ActiveCfg = Debug|x64
		{BA38AC2C-B32F-4589-9EB9-F910200616F4}.Debug|x64.Build.0 = Debug|x64
		{BA38AC2C-B32F-4589-9EB9-F910200616F4}.Debug|x86.ActiveCfg = Debug|Win32
		{BA38AC2C-B32F-4589-9EB9-F910200616F4}.Debug|x86.Build.0 = Debug|Win32
		{BA38AC2C-B32F-4589-9EB9-F910200616F4}.MinSizeRel|x64.ActiveCfg = Release|x64
		{BA38AC2C-B32F-4589-9EB9-F910200616F4}.MinSizeRel|x64.Build.0 = Release|x64
		{BA38AC2C-B32F-4589-9EB9-F910200616F4}.MinSizeRel|x86.ActiveCfg = Release|Win32
		{BA38AC2C-B32F-4589-9EB9-F910200616F4}.MinSizeRel|x86.Build.0 = Release|Win32
		{BA38AC2C-B32F-4589-9EB9-F910200616F4}.Release|x64.ActiveCfg = Release|x64
		{BA38AC2C-B32F-4589-9EB9-F910200616F4}.Release|x64.Build.0 = Release|x64
		{BA38AC2C-B32F-4589-9EB9-F910200616F4}.Release|x86.ActiveCfg = Release|Win32
		{BA38AC2C-B32F-4589-9EB9-F910200616F4}.Release|x86.Build.0 = Release|Win32
		{BA38AC2C-B32F-4589-9EB9-F910200616F4}.RelWithDebInfo|x64.ActiveCfg = Release|x64
		{BA38AC2C-B32F-4589-9EB9-F910200616F4}.RelWithDebInfo|x64.Build.0 = Release|x64
		{BA38AC2C-B32F-4589-9EB9-F910200616F4}.RelWithDebInfo|x86.ActiveCfg = Release|Win32
		{BA38AC2C-B32F-4589-9EB9-F910200616F4}.RelWithDebInfo|x86.Build.0 = Release|Win32
		{7CFC3081-B7CC-4D68-9079-3D79D9944389}.Debug|x64.ActiveCfg = Debug|x64
		{7CFC3081-B7CC-4D68-9079-3D79D9944389}.Debug|x64.Build.0 = Debug|x64
		{7CFC3081-B7CC-4D68-9079-3D79D9944389}.Debug|x86.ActiveCfg = Debug|Win32
		{7CFC3081-B7CC-4D68-9079-3D79D9944389}.Debug|x86.Build.0 = Debug|Win32
		{7CFC3081-B7CC-4D68-9079-3D79D9944389}.MinSizeRel|x64.ActiveCfg = Release|x64
		{7CFC3081-B7CC-4D68-9079-3D79D9944389}.MinSizeRel|x64.Build.0 = Release|x64
		{7CFC3081-B7CC-4D68-9079-3D79D9944389}.MinSizeRel|x86.ActiveCfg = Release|Win32
		{7CFC3081-B7CC-4D68-9079-3D79D9944389}.MinSizeRel|x86.Build.0 = Release|Win32
		{7CFC3081-B7CC-4D68-9079-3D79D9944389}.Release|x64.ActiveCfg = Release|x64
		{7CFC3081-B7CC-4D68-9079-3D79D9944389}.Release|x64.Build.0 = Release|x64
		{7CFC3081-B7CC-4D68-9079-3D79D9944389}.Release|x86.ActiveCfg = Release|Win32
		{7CFC3081-B7CC-4D68-9079-3D79D9944389}.Release|x86.Build.0 = Release|Win32
		{7CFC3081-B7CC-4D68-9079-3D79D9944389}.RelWithDebInfo|x64.ActiveCfg = Release|x64
		{7CFC3081-B7CC-4D68-9079-3D79D9944389}.RelWithDebInfo|x64.Build.0 = Release|x64
		{7CFC3081-B7CC-4D68-9079-3D79D9944389}.RelWithDebInfo|x86.ActiveCfg = Release|Win32
		{7CFC3081-B7CC-4D68-9079-3D79D9944389}.RelWithDebInfo|x86.Build.0 = Release|Win32
		{0E826676-AACF-4D4F-BA0B-F7329F232B43}.Debug|x64.ActiveCfg = Debug|x64
		{0E826676-AACF-4D4F-BA0B-F7329F232B43}.Debug|x64.Build.0 = Debug|x64
		{0E826676-AACF-4D4F-BA0B-F7329F232B43}.Debug|x86.ActiveCfg = Debug|Win32
		{0E826676-AACF-4D4F-BA0B-F7329F232B43}.Debug|x86.Build.0 = Debug|Win32
		{0E826676-AACF-4D4F-BA0B-F7329F232B43}.MinSizeRel|x64.ActiveCfg = Release|x64
		{0E826676-AACF-4D4F-BA0B-F7329F232B43}.MinSizeRel|x64.Build.0 = Release|x64
		{0E826676-AACF-4D4F-BA0B-F7329F232B43}.MinSizeRel|x86.ActiveCfg = Release|Win32
		{0E826676-AACF-4D4F-BA0B-F7329F232B43}.MinSizeRel|x86.Build.0 = Release|Win32
		{0E826676-AACF-4D4F-BA0B-F7329F232B43}.Release|x64.ActiveCfg = Release|x64
		{0E826676-AACF-4D4F-BA0B-F7329F232B43}.Release|x64.Build.0 = Release|x64
		{0E826676-AACF-4D4F-BA0B-F7329F232B43}.Release|x86.ActiveCfg = Release|Win32
		{0E826676-AACF-4D4F-BA0B-F7329F232B43}.Release|x86.Build.0 = Release|Win32
		{0E826676-AACF-4D4F-BA0B-F7329F232B43}.RelWithDebInfo|x64.ActiveCfg = Release|x64
		{0E826676-AACF-4D4F-BA0B-F7329F232B43}.RelWithDebInfo|x64.Build.0 = Release|x64
		{0E826676-AACF-4D4F-BA0B-F7329F232B43}.RelWithDebInfo|x86.ActiveCfg = Release|Win32
		{0E826676-AACF-4D4F-BA0B-F7329F232B43}.RelWithDebInfo|x86.Build.0 = Release|Win32
		{DE03241F-B8BC-4739-B71B-622A86382218}.Debug|x64.ActiveCfg = Debug|x64
		{DE03241F-B8BC-4739-B71B-622A86382218}.Debug|x64.Build.0 = Debug|x64
		{DE03241F-B8BC-4739-B71B-622A86382218}.Debug|x86.ActiveCfg = Debug|Win32
		{DE03241F-B8BC-4739-B71B-622A86382218}.Debug|x86.Build.0 = Debug|Win32
		{DE03241F-B8BC-4739-B71B-622A86382218}.MinSizeRel|x64.ActiveCfg = Release|x64
		{DE03241F-B8BC-4739-B71B-622A86382218}.MinSizeRel|x64.Build.0 = Release|x64
		{DE03241F-B8BC-4739-B71B-622A86382218}.MinSizeRel|x86.ActiveCfg = Release|Win32
		{DE03241F-B8BC-4739-B71B-622A86382218}.MinSizeRel|x86.Build.0 = Release|Win32
		{DE03241F-B8BC-4739-B71B-622A86382218}.Release|x64.ActiveCfg = Release|x64
		{DE03241F-B8BC-4739-B71B-622A86382218}.Release|x64.Build.0 = Release|x64
		{DE03241F-B8BC-4739-B71B-622A86382218}.Release|x86.ActiveCfg = Release|Win32
		{DE03241F-B8BC-4739-B71B-622A86382218}.Release|x86.Build.0 = Release|Win32
		{DE03241F-B8BC-4739-B71B-622A86382218}.RelWithDebInfo|x64.ActiveCfg = Release|x64
		{DE03241F-B8BC-4739-B71B-622A86382218}.RelWithDebInfo|x64.Build.0 = Release|x64
		{DE03241F-B8BC-4739-B71B-622A86382218}.RelWithDebInfo|x86.ActiveCfg = Release|Win32
		{DE03241F-B8BC-4739-B71B-622A86382218}.RelWithDebInfo|x86.Build.0 = Release|Win32
		{CFF191E9-F5C4-48BB-BEE1-7F0634C62F4A}.Debug|x64.ActiveCfg = Debug|x64
		{CFF191E9-F5C4-48BB-BEE1-7F0634C62F4A}.Debug|x64.Build.0 = Debug|x64
		{CFF191E9-F5C4-48BB-BEE1-7F0634C62F4A}.Debug|x86.ActiveCfg = Debug|Win32
		{CFF191E9-F5C4-48BB-BEE1-7F0634C62F4A}.Debug|x86.Build.0 = Debug|Win32
		{CFF191E9-F5C4-48BB-BEE1-7F0634C62F4A}.MinSizeRel|x64.ActiveCfg = Release|x64
		{CFF191E9-F5C4-48BB-BEE1-7F0634C62F4A}.MinSizeRel|x64.Build.0 = Release|x64
		{CFF191E9-F5C4-48BB-BEE1-7F0634C62F4A}.MinSizeRel|x86.ActiveCfg = Release|Win32
		{CFF191E9-F5C4-48BB-BEE1-7F0634C62F4A}.MinSizeRel|x86.Build.0 = Release|Win32
		{CFF191E9-F5C4-48BB-BEE1-7F0634C62F4A}.Release|x64.ActiveCfg = Release|x64
		{CFF191E9-F5C4-48BB-BEE1-7F0634C62F4A}.Release|x64.Build.0 = Release|x64
		{CFF191E9-F5C4-48BB-BEE1-7F0634C62F4A}.Release|x86.ActiveCfg = Release|Win32
		{CFF191E9-F5C4-48BB-BEE1-7F0634C62F4A}.Release|x86.Build.0 = Release|Win32
		{CFF191E9-F5C4-48BB-BEE1-7F0634C62F4A}.RelWithDebInfo|x64.ActiveCfg = Release|x64
		{CFF191E9-F5C4-48BB-BEE1-7F0634C62F4A}.RelWithDebInfo|x64.Build.0 = Release|x64
		{CFF191E9-F5C4-48BB-BEE1-7F0634C62F4A}.RelWithDebInfo|x86.ActiveCfg = Release|Win32
		{CFF191E9-F5C4-48BB-BEE1-7F0634C62F4A}.RelWithDebInfo|x86.Build.0 = Release|Win32
		{87225F52-3E46-4636-BE7B-DAF9A856B861}.Debug|x64.ActiveCfg = Debug|x64
		{87225F52-3E46-4636-BE7B-DAF9A856B861}.Debug|x64.Build.0 = Debug|x64
		{87225F52-3E46-4636-BE7B-DAF9A856B861}.Debug|x86.ActiveCfg = Debug|Win32
		{87225F52-3E46-4636-BE7B-DAF9A856B861}.Debug|x86.Build.0 = Debug|Win32
		{87225F52-3E46-4636-BE7B-DAF9A856B861}.MinSizeRel|x64.ActiveCfg = Release|x64
		{87225F52-3E46-4636-BE7B-DAF9A856B861}.MinSizeRel|x64.Build.0 = Release|x64
		{87225F52-3E46-4636-BE7B-DAF9A856B861}.MinSizeRel|x86.ActiveCfg = Release|Win32
		{87225F52-3E46-4636-BE7B-DAF9A856B861}.MinSizeRel|x86.Build.0 = Release|Win32
		{87225F52-3E46-4636-BE7B-DAF9A856B861}.Release|x64.ActiveCfg = Release|x64
		{87225F52-3E46-4636-BE7B-DAF9A856B861}.Release|x64.Build.0 = Release|x64
		{87225F52-3E46-4636-BE7B-DAF9A856B861}.Release|x86.ActiveCfg = Release|Win32
		{87225F52-3E46-4636-BE7B-DAF9A856B861}.Release|x86.Build.0 = Release|Win32
		{87225F52-3E46-4636-BE7B-DAF9A856B861}.RelWithDebInfo|x64.ActiveCfg = Release|x64
		{87225F52-3E46-4636-BE7B-DAF9A856B861}.RelWithDebInfo|x64.Build.0 = Release|x64
		{87225F52-3E46-4636-BE7B-DAF9A856B861}.RelWithDebInfo|x86.ActiveCfg = Release|Win32
		{87225F52-3E46-4636-BE7B-DAF9A856B861}.RelWithDebInfo|x86.Build.0 = Release|Win32
		{88B1D82C-05F5-4B4B-9A6C-DB152F23318E}.Debug|x64.ActiveCfg = Debug|x64
		{88B1D82C-05F5-4B4B-9A6C-DB152F23318E}.Debug|x64.Build.0 = Debug|x64
		{88B1D82C-05F5-4B4B-9A6C-DB152F23318E}.Debug|x86.ActiveCfg = Debug|Win32
		{88B1D82C-05F5-4B4B-9A6C-DB152F23318E}.Debug|x86.Build.0 = Debug|Win32
		{88B1D82C-05F5-4B4B-9A6C-DB152F23318E}.MinSizeRel|x64.ActiveCfg = Release|x64
		{88B1D82C-05F5-4B4B-9A6C-DB152F23318E}.MinSizeRel|x64.Build.0 = Release|x64
		{88B1D82C-05F5-4B4B-9A6C-DB152F23318E}.MinSizeRel|x86.ActiveCfg = Release|Win32
		{88B1D82C-05F5-4B4B-9A6C-DB152F23318E}.MinSizeRel|x86.Build.0 = Release|Win32
		{88B1D82C-05F5-4B4B-9A6C-DB152F23318E}.Release|x64.ActiveCfg = Release|x64
		{88B1D82C-05F5-4B4B-9A6C-DB152F23318E}.Release|x64.Build.0 = Release|x64
		{88B1D82C-05F5-4B4B-9A6C-DB152F23318E}.Release|x86.ActiveCfg = Release|Win32
		{88B1D82C-05F5-4B4B-9A6C-DB152F23318E}.Release|x86.Build.0 = Release|Win32
		{88B1D82C-05F5-4B4B-9A6C-DB152F23318E}.RelWithDebInfo|x64.ActiveCfg = Release|x64
		{88B1D82C-05F5-4B4B-9A6C-DB152F23318E}.RelWithDebInfo|x64.Build.0 = Release|x64
		{88B1D82C-05F5-4B4B-9A6C-DB152F23318E}.RelWithDebInfo|x86.ActiveCfg = Release|Win32
		{88B1D82C-05F5-4B4B-9A6C-DB152F23318E}.RelWithDebInfo|x86.Build.0 = Release|Win32
		{13340E2E-89C2-451F-A53C-26625581D8A7}.Debug|x64.ActiveCfg = Debug|x64
		{13340E2E-89C2-451F-A53C-26625581D8A7}.Debug|x64.Build.0 = Debug|x64
		{13340E2E-89C2-451F-A53C-26625581D8A7}.Debug|x86.ActiveCfg = Debug|Win32
		{13340E2E-89C2-451F-A53C-26625581D8A7}.Debug|x86.Build.0 = Debug|Win32
		{13340E2E-89C2-451F-A53C-26625581D8A7}.MinSizeRel|x64.ActiveCfg = Release|x64
		{13340E2E-89C2-451F-A53C-26625581D8A7}.MinSizeRel|x64.Build.0 = Release|x64
		{13340E2E-89C2-451F-A53C-26625581D8A7}.MinSizeRel|x86.ActiveCfg = Release|Win32
		{13340E2E-89C2-451F-A53C-26625581D8A7}.MinSizeRel|x86.Build.0 = Release|Win32
		{13340E2E-89C2-451F-A53C-26625581D8A7}.Release|x64.ActiveCfg = Release|x64
		{13340E2E-89C2-451F-A53C-26625581D8A7}.Release|x64.Build.0 = Release|x64
		{13340E2E-89C2-451F-A53C-26625581D8A7}.Release|x86.ActiveCfg = Release|Win32
		{13340E2E-89C2-451F-A53C-26625581D8A7}.Release|x86.Build.0 = Release|Win32
		{13340E2E-89C2-451F-A53C-26625581D8A7}.RelWithDebInfo|x64.ActiveCfg = Release|x64
		{13340E2E-89C2-451F-A53C-26625581D8A7}.RelWithDebInfo|x64.Build.0 = Release|x64
		{13340E2E-89C2-451F-A53C-26625581D8A7}.RelWithDebInfo|x86.ActiveCfg = Release|Win32
		{13340E2E-89C2-451F-A53C-26625581D8A7}.RelWithDebInfo|x86.Build.0 = Release|Win32
		{1D3CDFC2-5071-465F-94C6-DAB79A4F0BD7}.Debug|x64.ActiveCfg = Debug|x64
		{1D3CDFC2-5071-465F-94C6-DAB79A4F0BD7}.Debug|x64.Build.0 = Debug|x64
		{1D3CDFC2-5071-465F-94C6-DAB79A4F0BD7}.Debug|x86.ActiveCfg = Debug|Win32
		{1D3CDFC2-5071-465F-94C6-DAB79A4F0BD7}.Debug|x86.Build.0 = Debug|Win32
		{1D3CDFC2-5071-465F-94C6-DAB79A4F0BD7}.MinSizeRel|x64.ActiveCfg = Release|x64
		{1D3CDFC2-5071-465F-94C6-DAB79A4F0BD7}.MinSizeRel|x64.Build.0 = Release|x64
		{1D3CDFC2-5071-465F-94C6-DAB79A4F0BD7}.MinSizeRel|x86.ActiveCfg = Release|Win32
		{1D3CDFC2-5071-465F-94C6-DAB79A4F0BD7}.MinSizeRel|x86.Build.0 = Release|Win32
		{1D3CDFC2-5071-465F-94C6-DAB79A4F0BD7}.Release|x64.ActiveCfg = Release|x64
		{1D3CDFC2-5071-465F-94C6-DAB79A4F0BD7}.Release|x64.Build.0 = Release|x64
		{1D3CDFC2-5071-465F-94C6-DAB79A4F0BD7}.Release|x86.ActiveCfg = Release|Win32
		{1D3CDFC2-5071-465F-94C6-DAB79A4F0BD7}.Release|x86.Build.0 = Release|Win32
		{1D3CDFC2-5071-465F-94C6-DAB79A4F0BD7}.RelWithDebInfo|x64.ActiveCfg = Release|x64
		{1D3CDFC2-5071-465F-94C6-DAB79A4F0BD7}.RelWithDebInfo|x64.Build.0 = Release|x64
		{1D3CDFC2-5071-465F-94C6-DAB79A4F0BD7}.RelWithDebInfo|x86.ActiveCfg = Release|Win32
		{1D3CDFC2-5071-465F-94C6-DAB79A4F0BD7}.RelWithDebInfo|x86.Build.0 = Release|Win32
		{C13A0C31-ED8D-4E10-94F7-AF92C21A68BE}.Debug|x64.ActiveCfg = Debug|x64
		{C13A0C31-ED8D-4E10-94F7-AF92C21A68BE}.Debug|x64.Build.0 = Debug|x64
		{C13A0C31-ED8D-4E10-94F7-AF92C21A68BE}.Debug|x86.ActiveCfg = Debug|Win32
		{C13A0C31-ED8D-4E10-94F7-AF92C21A68BE}.Debug|x86.Build.0 = Debug|Win32
		{C13A0C31-ED8D-4E10-94F7-AF92C21A68BE}.MinSizeRel|x64.ActiveCfg = Release|x64
		{C13A0C31-ED8D-4E10-94F7-AF92C21A68BE}.MinSizeRel|x64.Build.0 = Release|x64
		{C13A0C31-ED8D-4E10-94F7-AF92C21A68BE}.MinSizeRel|x86.ActiveCfg = Release|Win32
		{C13A0C31-ED8D-4E10-94F7-AF92C21A68BE}.MinSizeRel|x86.Build.0 = Release|Win32
		{C13A0C31-ED8D-4E10-94F7-AF92C21A68BE}.Release|x64.ActiveCfg = Release|x64
		{C13A0C31-ED8D-4E10-94F7-AF92C21A68BE}.Release|x64.Build.0 = Release|x64
		{C13A0C31-ED8D-4E10-94F7-AF92C21A68BE}.Release|x86.ActiveCfg = Release|Win32
		{C13A0C31-ED8D-4E10-94F7-AF92C21A68BE}.Release|x86.Build.0 = Release|Win32
		{C13A0C31-ED8D-4E10-94F7-AF92C21A68BE}.RelWithDebInfo|x64.ActiveCfg = Release|x64
		{C13A0C31-ED8D-4E10-94F7-AF92C21A68BE}.RelWithDebInfo|x64.Build.0 = Release|x64
		{C13A0C31-ED8D-4E10-94F7-AF92C21A68BE}.RelWithDebInfo|x86.ActiveCfg = Release|Win32
		{C13A0C31-ED8D-4E10-94F7-AF92C21A68BE}.RelWithDebInfo|x86.Build.0 = Release|Win32
	EndGlobalSection
	GlobalSection(SolutionProperties) = preSolution
		HideSolutionNode = FALSE
	EndGlobalSection
	GlobalSection(NestedProjects) = preSolution
		{38CF7CE3-6AB4-4E70-9B4D-EF4EE3595E50} = {868310CD-F9E9-485D-9A6D-706617DE4040}
		{36FDB924-F0FF-4043-BFF3-1872EE5D90A0} = {4CFA5052-663F-4924-8E66-4B9C6066C73D}
		{1CC0F6D5-713A-468E-9AF8-F3E85CECB465} = {868310CD-F9E9-485D-9A6D-706617DE4040}
		{E268716D-23E6-43FF-B3DC-C861CFE9A427} = {1014E0BB-F535-43E9-8097-07D53C0EA36B}
		{B64EA382-7AE0-48CA-9322-CFC5EC64CC97} = {1014E0BB-F535-43E9-8097-07D53C0EA36B}
		{F622B24E-AD30-4FA2-AB5A-1E7EDA45F62A} = {E268716D-23E6-43FF-B3DC-C861CFE9A427}
		{21A7BB35-6D81-4539-9B1D-6D9D6A2E8F90} = {B64EA382-7AE0-48CA-9322-CFC5EC64CC97}
		{66B931BF-B6BD-4154-B466-EA2429E86590} = {F622B24E-AD30-4FA2-AB5A-1E7EDA45F62A}
		{6DCC9B68-67EA-4CA1-B788-E1D97C8246E3} = {21A7BB35-6D81-4539-9B1D-6D9D6A2E8F90}
		{2ED4A4E0-DF1A-41E9-9D63-A22CDF5F20AC} = {1014E0BB-F535-43E9-8097-07D53C0EA36B}
		{17808DB8-9BF2-43F3-B5FE-9BF7CDA94BBA} = {21A7BB35-6D81-4539-9B1D-6D9D6A2E8F90}
		{52ECCD54-EAAA-419C-9105-7D25F9336281} = {F622B24E-AD30-4FA2-AB5A-1E7EDA45F62A}
		{68E6A535-A5F1-4B7A-AD6F-F1D4B3B0F985} = {21A7BB35-6D81-4539-9B1D-6D9D6A2E8F90}
		{68FD12B1-02C5-41C6-A0E4-591F27CD314F} = {F622B24E-AD30-4FA2-AB5A-1E7EDA45F62A}
		{037206E4-1E88-4A70-8A43-C8DDAA7ABE37} = {21A7BB35-6D81-4539-9B1D-6D9D6A2E8F90}
		{44E33C94-51DB-4923-BE13-FEE9627F32BE} = {F622B24E-AD30-4FA2-AB5A-1E7EDA45F62A}
		{E6938116-D051-4F5D-94E9-60B31AC415D9} = {E4A7808B-BE7A-4A7A-A5BF-C1A752858903}
		{645684C2-14F6-4386-8A58-08F3FBD5F63C} = {B64EA382-7AE0-48CA-9322-CFC5EC64CC97}
		{042E838D-0365-4B10-B750-55594F79031B} = {E268716D-23E6-43FF-B3DC-C861CFE9A427}
		{AF27AC3A-D1C2-4887-ABC2-749AD677747E} = {E4A7808B-BE7A-4A7A-A5BF-C1A752858903}
		{4C9CA785-BE6B-4CD2-AA1C-9BB7ECD916B8} = {E4A7808B-BE7A-4A7A-A5BF-C1A752858903}
		{18A441B9-FECA-1BAD-6757-8A6300006755} = {4CFA5052-663F-4924-8E66-4B9C6066C73D}
		{289E3A88-B0C4-4647-BA87-03E71D43AF4C} = {4C327B83-0A89-40E6-838C-C154C5BACAC9}
		{FA2DAD09-3F10-409D-A120-7AEA368CB814} = {289E3A88-B0C4-4647-BA87-03E71D43AF4C}
		{3ACAB908-42A1-4936-919F-9EAE7E331ACA} = {289E3A88-B0C4-4647-BA87-03E71D43AF4C}
		{4C4A119D-0892-460A-950C-51D5D4A7328D} = {4C327B83-0A89-40E6-838C-C154C5BACAC9}
		{45D67A15-3F79-404D-B6F8-6C7CAE8C6408} = {4C4A119D-0892-460A-950C-51D5D4A7328D}
		{B0F6DBBF-6DB8-48E3-B0E3-45A0415154E0} = {289E3A88-B0C4-4647-BA87-03E71D43AF4C}
		{521F61EE-1866-43F7-8CBA-979143698DD4} = {FA2DAD09-3F10-409D-A120-7AEA368CB814}
		{5D7FC9FC-C14F-4988-83E4-885E2E008705} = {4C327B83-0A89-40E6-838C-C154C5BACAC9}
		{DE9BB27F-5857-44DD-A0DD-DE4ECF77A908} = {5D7FC9FC-C14F-4988-83E4-885E2E008705}
		{A19E976F-9070-4B53-B1F2-116B51328C94} = {4C327B83-0A89-40E6-838C-C154C5BACAC9}
		{12F71606-4363-4358-81F6-223D76FDFA0F} = {A19E976F-9070-4B53-B1F2-116B51328C94}
		{DC21E9E2-7861-40D1-AC85-BB1BB28AE9AC} = {5D7FC9FC-C14F-4988-83E4-885E2E008705}
		{94164810-0AD4-49AD-9807-4BF198E2FFBA} = {A19E976F-9070-4B53-B1F2-116B51328C94}
		{8FC3592D-4737-403C-AB3F-FBFAF3BB0343} = {A19E976F-9070-4B53-B1F2-116B51328C94}
		{ED065CEF-55C1-4384-B1C8-5D055F80E38D} = {12F71606-4363-4358-81F6-223D76FDFA0F}
		{6F0CA019-9770-4A58-B6DF-2DD17D1ED742} = {12F71606-4363-4358-81F6-223D76FDFA0F}
		{63BD499A-3F22-4C45-8958-E5D60EB407EE} = {4C327B83-0A89-40E6-838C-C154C5BACAC9}
		{B88CAB2A-371F-412D-92DE-B0F16515F03E} = {63BD499A-3F22-4C45-8958-E5D60EB407EE}
		{32E5B2E1-80BA-413D-B72D-942FB76D6533} = {4C327B83-0A89-40E6-838C-C154C5BACAC9}
		{DABE5758-60DF-4A28-8164-0FBB6FEAD2C8} = {32E5B2E1-80BA-413D-B72D-942FB76D6533}
		{03CB80CC-51C3-4C7F-A4F2-47590F8A2C71} = {32E5B2E1-80BA-413D-B72D-942FB76D6533}
		{68BB6418-F53D-4BD3-9AA5-609BEFD92B4B} = {32E5B2E1-80BA-413D-B72D-942FB76D6533}
		{AD5DAEF4-FBC0-4D5C-AF87-675A82C3F4F9} = {DABE5758-60DF-4A28-8164-0FBB6FEAD2C8}
		{B46C19EB-4B74-4D77-9949-85E471A900C1} = {4C327B83-0A89-40E6-838C-C154C5BACAC9}
		{62C96D5A-472B-4240-8BC6-8E6078E59D20} = {B46C19EB-4B74-4D77-9949-85E471A900C1}
		{11C97988-2CBA-4E78-B821-AD3E235B12D7} = {B46C19EB-4B74-4D77-9949-85E471A900C1}
		{7701E88A-3CA5-469F-8C72-96646CAFAFE3} = {62C96D5A-472B-4240-8BC6-8E6078E59D20}
		{45988B68-1ACA-4E08-97BD-3862D3CDFEAA} = {B46C19EB-4B74-4D77-9949-85E471A900C1}
		{1389A2DD-643E-4BE3-8CFD-C83DF4A11358} = {B46C19EB-4B74-4D77-9949-85E471A900C1}
		{2305772F-19C9-44A4-96FD-FE2EA4985595} = {63BD499A-3F22-4C45-8958-E5D60EB407EE}
		{716C814C-1B3F-47F8-98C1-87A1089DACF1} = {2305772F-19C9-44A4-96FD-FE2EA4985595}
		{F5445AAD-2991-48D1-BCCE-A54821933415} = {63BD499A-3F22-4C45-8958-E5D60EB407EE}
		{A2929747-42F4-402F-9337-CF54452F72DA} = {B88CAB2A-371F-412D-92DE-B0F16515F03E}
		{3D38D81B-4A0B-411C-BD12-46741990F44F} = {FA2DAD09-3F10-409D-A120-7AEA368CB814}
		{1B860CF2-322B-4C3C-8932-61D95095D131} = {868310CD-F9E9-485D-9A6D-706617DE4040}
		{48BFF33C-8F2F-4204-926A-A9D73AE65E16} = {4C327B83-0A89-40E6-838C-C154C5BACAC9}
		{2DFD2556-563C-4801-918C-C7D930D30854} = {48BFF33C-8F2F-4204-926A-A9D73AE65E16}
		{D23F61C4-F62A-4F7D-AA41-AA8132339971} = {11C97988-2CBA-4E78-B821-AD3E235B12D7}
		{C37D6EE1-67A1-41CE-B901-06C6A25027AE} = {11C97988-2CBA-4E78-B821-AD3E235B12D7}
		{BA38AC2C-B32F-4589-9EB9-F910200616F4} = {DE9BB27F-5857-44DD-A0DD-DE4ECF77A908}
		{7CFC3081-B7CC-4D68-9079-3D79D9944389} = {DE9BB27F-5857-44DD-A0DD-DE4ECF77A908}
		{0E826676-AACF-4D4F-BA0B-F7329F232B43} = {DE9BB27F-5857-44DD-A0DD-DE4ECF77A908}
		{415CEA16-BF3C-4231-9375-B03AEE1293A9} = {DE9BB27F-5857-44DD-A0DD-DE4ECF77A908}
		{DE03241F-B8BC-4739-B71B-622A86382218} = {DAAB6158-C018-41BC-A5D8-F33A99FF6B27}
		{CFF191E9-F5C4-48BB-BEE1-7F0634C62F4A} = {DAAB6158-C018-41BC-A5D8-F33A99FF6B27}
		{87225F52-3E46-4636-BE7B-DAF9A856B861} = {FC3798BC-13CB-43F4-8AB8-311CA4F8AF1E}
		{88B1D82C-05F5-4B4B-9A6C-DB152F23318E} = {DAAB6158-C018-41BC-A5D8-F33A99FF6B27}
		{13340E2E-89C2-451F-A53C-26625581D8A7} = {DAAB6158-C018-41BC-A5D8-F33A99FF6B27}
		{1D3CDFC2-5071-465F-94C6-DAB79A4F0BD7} = {DAAB6158-C018-41BC-A5D8-F33A99FF6B27}
		{FC3798BC-13CB-43F4-8AB8-311CA4F8AF1E} = {DAAB6158-C018-41BC-A5D8-F33A99FF6B27}
		{C13A0C31-ED8D-4E10-94F7-AF92C21A68BE} = {FC3798BC-13CB-43F4-8AB8-311CA4F8AF1E}
	EndGlobalSection
	GlobalSection(ExtensibilityGlobals) = postSolution
		SolutionGuid = {25CD4B8C-5847-4405-ACD0-52460BB380D1}
	EndGlobalSection
	GlobalSection(Performance) = preSolution
		HasPerformanceSessions = true
	EndGlobalSection
EndGlobal
